// !$*UTF8*$!
{
	archiveVersion = 1;
	classes = {
	};
	objectVersion = 48;
	objects = {

/* Begin PBXBuildFile section */
		1511B2B2234E84B600514D17 /* Footer.swift in Sources */ = {isa = PBXBuildFile; fileRef = 1511B27D234E84B600514D17 /* Footer.swift */; };
		1511B2B3234E84B600514D17 /* Footer.swift in Sources */ = {isa = PBXBuildFile; fileRef = 1511B27D234E84B600514D17 /* Footer.swift */; };
		1511B2B4234E84B600514D17 /* NativeFooter.swift in Sources */ = {isa = PBXBuildFile; fileRef = 1511B27E234E84B600514D17 /* NativeFooter.swift */; };
		1511B2B5234E84B600514D17 /* NativeFooter.swift in Sources */ = {isa = PBXBuildFile; fileRef = 1511B27E234E84B600514D17 /* NativeFooter.swift */; };
		1511B2B6234E84B600514D17 /* CollectionSection.swift in Sources */ = {isa = PBXBuildFile; fileRef = 1511B281234E84B600514D17 /* CollectionSection.swift */; };
		1511B2B7234E84B600514D17 /* CollectionSection.swift in Sources */ = {isa = PBXBuildFile; fileRef = 1511B281234E84B600514D17 /* CollectionSection.swift */; };
		1511B2B8234E84B600514D17 /* BaseCollectionSection.swift in Sources */ = {isa = PBXBuildFile; fileRef = 1511B282234E84B600514D17 /* BaseCollectionSection.swift */; };
		1511B2B9234E84B600514D17 /* BaseCollectionSection.swift in Sources */ = {isa = PBXBuildFile; fileRef = 1511B282234E84B600514D17 /* BaseCollectionSection.swift */; };
		1511B2BA234E84B600514D17 /* CollectionView.swift in Sources */ = {isa = PBXBuildFile; fileRef = 1511B283234E84B600514D17 /* CollectionView.swift */; };
		1511B2BB234E84B600514D17 /* CollectionView.swift in Sources */ = {isa = PBXBuildFile; fileRef = 1511B283234E84B600514D17 /* CollectionView.swift */; };
		1511B2BC234E84B600514D17 /* CollectionSource.swift in Sources */ = {isa = PBXBuildFile; fileRef = 1511B285234E84B600514D17 /* CollectionSource.swift */; };
		1511B2BD234E84B600514D17 /* CollectionSource.swift in Sources */ = {isa = PBXBuildFile; fileRef = 1511B285234E84B600514D17 /* CollectionSource.swift */; };
		1511B2BE234E84B600514D17 /* CollectionSource+UICollectionViewDelegate.swift in Sources */ = {isa = PBXBuildFile; fileRef = 1511B286234E84B600514D17 /* CollectionSource+UICollectionViewDelegate.swift */; };
		1511B2BF234E84B600514D17 /* CollectionSource+UICollectionViewDelegate.swift in Sources */ = {isa = PBXBuildFile; fileRef = 1511B286234E84B600514D17 /* CollectionSource+UICollectionViewDelegate.swift */; };
		1511B2C0234E84B600514D17 /* CollectionSource+UICollectionViewDataSource.swift in Sources */ = {isa = PBXBuildFile; fileRef = 1511B287234E84B600514D17 /* CollectionSource+UICollectionViewDataSource.swift */; };
		1511B2C1234E84B600514D17 /* CollectionSource+UICollectionViewDataSource.swift in Sources */ = {isa = PBXBuildFile; fileRef = 1511B287234E84B600514D17 /* CollectionSource+UICollectionViewDataSource.swift */; };
		1511B2C2234E84B600514D17 /* CollectionCell.swift in Sources */ = {isa = PBXBuildFile; fileRef = 1511B289234E84B600514D17 /* CollectionCell.swift */; };
		1511B2C3234E84B600514D17 /* CollectionCell.swift in Sources */ = {isa = PBXBuildFile; fileRef = 1511B289234E84B600514D17 /* CollectionCell.swift */; };
		1511B2C4234E84B600514D17 /* CollectionItemClosurePresenter.swift in Sources */ = {isa = PBXBuildFile; fileRef = 1511B28A234E84B600514D17 /* CollectionItemClosurePresenter.swift */; };
		1511B2C5234E84B600514D17 /* CollectionItemClosurePresenter.swift in Sources */ = {isa = PBXBuildFile; fileRef = 1511B28A234E84B600514D17 /* CollectionItemClosurePresenter.swift */; };
		1511B2C6234E84B600514D17 /* CollectionItemPresenter.swift in Sources */ = {isa = PBXBuildFile; fileRef = 1511B28B234E84B600514D17 /* CollectionItemPresenter.swift */; };
		1511B2C7234E84B600514D17 /* CollectionItemPresenter.swift in Sources */ = {isa = PBXBuildFile; fileRef = 1511B28B234E84B600514D17 /* CollectionItemPresenter.swift */; };
		1511B2C8234E84B600514D17 /* CollectionItem.swift in Sources */ = {isa = PBXBuildFile; fileRef = 1511B28D234E84B600514D17 /* CollectionItem.swift */; };
		1511B2C9234E84B600514D17 /* CollectionItem.swift in Sources */ = {isa = PBXBuildFile; fileRef = 1511B28D234E84B600514D17 /* CollectionItem.swift */; };
		1511B2CA234E84B600514D17 /* CollectionItemLayout.swift in Sources */ = {isa = PBXBuildFile; fileRef = 1511B28F234E84B600514D17 /* CollectionItemLayout.swift */; };
		1511B2CB234E84B600514D17 /* CollectionItemLayout.swift in Sources */ = {isa = PBXBuildFile; fileRef = 1511B28F234E84B600514D17 /* CollectionItemLayout.swift */; };
		1511B2CC234E84B600514D17 /* Queue.swift in Sources */ = {isa = PBXBuildFile; fileRef = 1511B291234E84B600514D17 /* Queue.swift */; };
		1511B2CD234E84B600514D17 /* Queue.swift in Sources */ = {isa = PBXBuildFile; fileRef = 1511B291234E84B600514D17 /* Queue.swift */; };
		1511B2CE234E84B600514D17 /* Config.swift in Sources */ = {isa = PBXBuildFile; fileRef = 1511B292234E84B600514D17 /* Config.swift */; };
		1511B2CF234E84B600514D17 /* Config.swift in Sources */ = {isa = PBXBuildFile; fileRef = 1511B292234E84B600514D17 /* Config.swift */; };
		1511B2D0234E84B600514D17 /* IndexPathExtensions.swift in Sources */ = {isa = PBXBuildFile; fileRef = 1511B294234E84B600514D17 /* IndexPathExtensions.swift */; };
		1511B2D1234E84B600514D17 /* IndexPathExtensions.swift in Sources */ = {isa = PBXBuildFile; fileRef = 1511B294234E84B600514D17 /* IndexPathExtensions.swift */; };
		1511B2D2234E84B600514D17 /* CollectionExtensions.swift in Sources */ = {isa = PBXBuildFile; fileRef = 1511B295234E84B600514D17 /* CollectionExtensions.swift */; };
		1511B2D3234E84B600514D17 /* CollectionExtensions.swift in Sources */ = {isa = PBXBuildFile; fileRef = 1511B295234E84B600514D17 /* CollectionExtensions.swift */; };
		1511B2D4234E84B600514D17 /* TableSection.swift in Sources */ = {isa = PBXBuildFile; fileRef = 1511B298234E84B600514D17 /* TableSection.swift */; };
		1511B2D5234E84B600514D17 /* TableSection.swift in Sources */ = {isa = PBXBuildFile; fileRef = 1511B298234E84B600514D17 /* TableSection.swift */; };
		1511B2D6234E84B600514D17 /* BaseTableSection.swift in Sources */ = {isa = PBXBuildFile; fileRef = 1511B299234E84B600514D17 /* BaseTableSection.swift */; };
		1511B2D7234E84B600514D17 /* BaseTableSection.swift in Sources */ = {isa = PBXBuildFile; fileRef = 1511B299234E84B600514D17 /* BaseTableSection.swift */; };
		1511B2D8234E84B600514D17 /* TableSource+UITableViewDelegate.swift in Sources */ = {isa = PBXBuildFile; fileRef = 1511B29B234E84B600514D17 /* TableSource+UITableViewDelegate.swift */; };
		1511B2D9234E84B600514D17 /* TableSource+UITableViewDelegate.swift in Sources */ = {isa = PBXBuildFile; fileRef = 1511B29B234E84B600514D17 /* TableSource+UITableViewDelegate.swift */; };
		1511B2DA234E84B600514D17 /* TableSource+UITableViewDataSource.swift in Sources */ = {isa = PBXBuildFile; fileRef = 1511B29C234E84B600514D17 /* TableSource+UITableViewDataSource.swift */; };
		1511B2DB234E84B600514D17 /* TableSource+UITableViewDataSource.swift in Sources */ = {isa = PBXBuildFile; fileRef = 1511B29C234E84B600514D17 /* TableSource+UITableViewDataSource.swift */; };
		1511B2DC234E84B600514D17 /* TableSource.swift in Sources */ = {isa = PBXBuildFile; fileRef = 1511B29D234E84B600514D17 /* TableSource.swift */; };
		1511B2DD234E84B600514D17 /* TableSource.swift in Sources */ = {isa = PBXBuildFile; fileRef = 1511B29D234E84B600514D17 /* TableSource.swift */; };
		1511B2DE234E84B600514D17 /* CellPresenter.swift in Sources */ = {isa = PBXBuildFile; fileRef = 1511B29F234E84B600514D17 /* CellPresenter.swift */; };
		1511B2DF234E84B600514D17 /* CellPresenter.swift in Sources */ = {isa = PBXBuildFile; fileRef = 1511B29F234E84B600514D17 /* CellPresenter.swift */; };
		1511B2E0234E84B600514D17 /* TableCell.swift in Sources */ = {isa = PBXBuildFile; fileRef = 1511B2A0234E84B600514D17 /* TableCell.swift */; };
		1511B2E1234E84B600514D17 /* TableCell.swift in Sources */ = {isa = PBXBuildFile; fileRef = 1511B2A0234E84B600514D17 /* TableCell.swift */; };
		1511B2E2234E84B600514D17 /* NativeCell.swift in Sources */ = {isa = PBXBuildFile; fileRef = 1511B2A1234E84B600514D17 /* NativeCell.swift */; };
		1511B2E3234E84B600514D17 /* NativeCell.swift in Sources */ = {isa = PBXBuildFile; fileRef = 1511B2A1234E84B600514D17 /* NativeCell.swift */; };
		1511B2E4234E84B600514D17 /* CellClosurePresenter.swift in Sources */ = {isa = PBXBuildFile; fileRef = 1511B2A2234E84B600514D17 /* CellClosurePresenter.swift */; };
		1511B2E5234E84B600514D17 /* CellClosurePresenter.swift in Sources */ = {isa = PBXBuildFile; fileRef = 1511B2A2234E84B600514D17 /* CellClosurePresenter.swift */; };
		1511B2E8234E84B600514D17 /* NativeRow.swift in Sources */ = {isa = PBXBuildFile; fileRef = 1511B2A5234E84B600514D17 /* NativeRow.swift */; };
		1511B2E9234E84B600514D17 /* NativeRow.swift in Sources */ = {isa = PBXBuildFile; fileRef = 1511B2A5234E84B600514D17 /* NativeRow.swift */; };
		1511B2EA234E84B600514D17 /* Row.swift in Sources */ = {isa = PBXBuildFile; fileRef = 1511B2A6234E84B600514D17 /* Row.swift */; };
		1511B2EB234E84B600514D17 /* Row.swift in Sources */ = {isa = PBXBuildFile; fileRef = 1511B2A6234E84B600514D17 /* Row.swift */; };
		1511B2EC234E84B600514D17 /* NibRow.swift in Sources */ = {isa = PBXBuildFile; fileRef = 1511B2A7234E84B600514D17 /* NibRow.swift */; };
		1511B2ED234E84B600514D17 /* NibRow.swift in Sources */ = {isa = PBXBuildFile; fileRef = 1511B2A7234E84B600514D17 /* NibRow.swift */; };
		1511B2EE234E84B600514D17 /* RowSelection.swift in Sources */ = {isa = PBXBuildFile; fileRef = 1511B2A9234E84B600514D17 /* RowSelection.swift */; };
		1511B2EF234E84B600514D17 /* RowSelection.swift in Sources */ = {isa = PBXBuildFile; fileRef = 1511B2A9234E84B600514D17 /* RowSelection.swift */; };
		1511B2F0234E84B600514D17 /* RowLayout.swift in Sources */ = {isa = PBXBuildFile; fileRef = 1511B2AA234E84B600514D17 /* RowLayout.swift */; };
		1511B2F1234E84B600514D17 /* RowLayout.swift in Sources */ = {isa = PBXBuildFile; fileRef = 1511B2AA234E84B600514D17 /* RowLayout.swift */; };
		1511B2F2234E84B600514D17 /* RowEdition.swift in Sources */ = {isa = PBXBuildFile; fileRef = 1511B2AB234E84B600514D17 /* RowEdition.swift */; };
		1511B2F3234E84B600514D17 /* RowEdition.swift in Sources */ = {isa = PBXBuildFile; fileRef = 1511B2AB234E84B600514D17 /* RowEdition.swift */; };
		1511B2F4234E84B600514D17 /* TableView.swift in Sources */ = {isa = PBXBuildFile; fileRef = 1511B2AC234E84B600514D17 /* TableView.swift */; };
		1511B2F5234E84B600514D17 /* TableView.swift in Sources */ = {isa = PBXBuildFile; fileRef = 1511B2AC234E84B600514D17 /* TableView.swift */; };
		1511B2F6234E84B600514D17 /* Header.swift in Sources */ = {isa = PBXBuildFile; fileRef = 1511B2AE234E84B600514D17 /* Header.swift */; };
		1511B2F7234E84B600514D17 /* Header.swift in Sources */ = {isa = PBXBuildFile; fileRef = 1511B2AE234E84B600514D17 /* Header.swift */; };
		1511B2F8234E84B600514D17 /* NativeHeader.swift in Sources */ = {isa = PBXBuildFile; fileRef = 1511B2AF234E84B600514D17 /* NativeHeader.swift */; };
		1511B2F9234E84B600514D17 /* NativeHeader.swift in Sources */ = {isa = PBXBuildFile; fileRef = 1511B2AF234E84B600514D17 /* NativeHeader.swift */; };
		1511B2FA234E84B600514D17 /* SnowMonkey.h in Headers */ = {isa = PBXBuildFile; fileRef = 1511B2B0234E84B600514D17 /* SnowMonkey.h */; settings = {ATTRIBUTES = (Public, ); }; };
		15389598223E65290034AB6A /* NativeTable.storyboard in Resources */ = {isa = PBXBuildFile; fileRef = 15389597223E65290034AB6A /* NativeTable.storyboard */; };
		153AC95A2241983D00CA3E1E /* IndexedRow.swift in Sources */ = {isa = PBXBuildFile; fileRef = 153AC9592241983D00CA3E1E /* IndexedRow.swift */; };
		153AC95C224198B500CA3E1E /* IndexedCell.swift in Sources */ = {isa = PBXBuildFile; fileRef = 153AC95B224198B500CA3E1E /* IndexedCell.swift */; };
		153C04ED224102C9004B5FC4 /* StoreRow.swift in Sources */ = {isa = PBXBuildFile; fileRef = 153C04EC224102C9004B5FC4 /* StoreRow.swift */; };
		153C04EF224102D4004B5FC4 /* StoreCell.swift in Sources */ = {isa = PBXBuildFile; fileRef = 153C04EE224102D4004B5FC4 /* StoreCell.swift */; };
		153C04F1224102DF004B5FC4 /* StoreCell.xib in Resources */ = {isa = PBXBuildFile; fileRef = 153C04F0224102DF004B5FC4 /* StoreCell.xib */; };
		153C050622414A1D004B5FC4 /* CustomHeaderWithAction.swift in Sources */ = {isa = PBXBuildFile; fileRef = 153C050522414A1D004B5FC4 /* CustomHeaderWithAction.swift */; };
		153C050722414A1D004B5FC4 /* CustomHeaderWithAction.swift in Sources */ = {isa = PBXBuildFile; fileRef = 153C050522414A1D004B5FC4 /* CustomHeaderWithAction.swift */; };
		153C050922414A2E004B5FC4 /* CustomHeaderWithAction.xib in Resources */ = {isa = PBXBuildFile; fileRef = 153C050822414A2E004B5FC4 /* CustomHeaderWithAction.xib */; };
		153C050A22414A2E004B5FC4 /* CustomHeaderWithAction.xib in Resources */ = {isa = PBXBuildFile; fileRef = 153C050822414A2E004B5FC4 /* CustomHeaderWithAction.xib */; };
		153D9CDF223ECA5200337B4E /* CustomTable.storyboard in Resources */ = {isa = PBXBuildFile; fileRef = 153D9CDE223ECA5200337B4E /* CustomTable.storyboard */; };
		153D9CE1223ECA6200337B4E /* CustomTableViewController.swift in Sources */ = {isa = PBXBuildFile; fileRef = 153D9CE0223ECA6200337B4E /* CustomTableViewController.swift */; };
		153D9CE7223ECC4400337B4E /* CustomDataTable.storyboard in Resources */ = {isa = PBXBuildFile; fileRef = 153D9CE6223ECC4400337B4E /* CustomDataTable.storyboard */; };
		153D9CEA223ECC5600337B4E /* ConfigurationTable.storyboard in Resources */ = {isa = PBXBuildFile; fileRef = 153D9CE9223ECC5600337B4E /* ConfigurationTable.storyboard */; };
		153D9CEC223ECC6600337B4E /* EditableTable.storyboard in Resources */ = {isa = PBXBuildFile; fileRef = 153D9CEB223ECC6600337B4E /* EditableTable.storyboard */; };
		153D9CEE223ECC7000337B4E /* AnimatedTable.storyboard in Resources */ = {isa = PBXBuildFile; fileRef = 153D9CED223ECC7000337B4E /* AnimatedTable.storyboard */; };
		153D9CF0223ECC8A00337B4E /* CustomDataTableViewController.swift in Sources */ = {isa = PBXBuildFile; fileRef = 153D9CEF223ECC8A00337B4E /* CustomDataTableViewController.swift */; };
		153D9CF2223ECC9900337B4E /* ConfigurationTableViewController.swift in Sources */ = {isa = PBXBuildFile; fileRef = 153D9CF1223ECC9900337B4E /* ConfigurationTableViewController.swift */; };
		153D9CF4223ECCA300337B4E /* EditableTableViewController.swift in Sources */ = {isa = PBXBuildFile; fileRef = 153D9CF3223ECCA300337B4E /* EditableTableViewController.swift */; };
		153D9CF6223ECCAD00337B4E /* AnimatedTableViewController.swift in Sources */ = {isa = PBXBuildFile; fileRef = 153D9CF5223ECCAD00337B4E /* AnimatedTableViewController.swift */; };
		153D9CF8223ED29100337B4E /* CustomCell.xib in Resources */ = {isa = PBXBuildFile; fileRef = 153D9CF7223ED29100337B4E /* CustomCell.xib */; };
		153D9CFC223ED44700337B4E /* CustomRow.swift in Sources */ = {isa = PBXBuildFile; fileRef = 153D9CFB223ED44700337B4E /* CustomRow.swift */; };
		1549309822399BF8002693F1 /* ViewController.swift in Sources */ = {isa = PBXBuildFile; fileRef = 1549309022399BF8002693F1 /* ViewController.swift */; };
		1549309922399BF8002693F1 /* Assets.xcassets in Resources */ = {isa = PBXBuildFile; fileRef = 1549309122399BF8002693F1 /* Assets.xcassets */; };
		1549309A22399BF8002693F1 /* LaunchScreen.storyboard in Resources */ = {isa = PBXBuildFile; fileRef = 1549309222399BF8002693F1 /* LaunchScreen.storyboard */; };
		1549309B22399BF8002693F1 /* Main.storyboard in Resources */ = {isa = PBXBuildFile; fileRef = 1549309422399BF8002693F1 /* Main.storyboard */; };
		1549309C22399BF8002693F1 /* AppDelegate.swift in Sources */ = {isa = PBXBuildFile; fileRef = 1549309622399BF8002693F1 /* AppDelegate.swift */; };
		154930B122399C1E002693F1 /* CustomFooter.swift in Sources */ = {isa = PBXBuildFile; fileRef = 154930A022399C1E002693F1 /* CustomFooter.swift */; };
		154930B222399C1E002693F1 /* CustomFooter.xib in Resources */ = {isa = PBXBuildFile; fileRef = 154930A122399C1E002693F1 /* CustomFooter.xib */; };
		154930B322399C1E002693F1 /* CustomCell.swift in Sources */ = {isa = PBXBuildFile; fileRef = 154930A322399C1E002693F1 /* CustomCell.swift */; };
		154930B422399C1E002693F1 /* StoreOpenedCellPresenter.swift in Sources */ = {isa = PBXBuildFile; fileRef = 154930A522399C1E002693F1 /* StoreOpenedCellPresenter.swift */; };
		154930B522399C1E002693F1 /* StoreNameCellPresenter.swift in Sources */ = {isa = PBXBuildFile; fileRef = 154930A622399C1E002693F1 /* StoreNameCellPresenter.swift */; };
		154930B622399C1E002693F1 /* Store.swift in Sources */ = {isa = PBXBuildFile; fileRef = 154930A822399C1E002693F1 /* Store.swift */; };
		154930B922399C1E002693F1 /* NativeTableViewController.swift in Sources */ = {isa = PBXBuildFile; fileRef = 154930AD22399C1E002693F1 /* NativeTableViewController.swift */; };
		154930BA22399C1E002693F1 /* CustomHeader.swift in Sources */ = {isa = PBXBuildFile; fileRef = 154930AF22399C1E002693F1 /* CustomHeader.swift */; };
		154930BB22399C1E002693F1 /* CustomHeader.xib in Resources */ = {isa = PBXBuildFile; fileRef = 154930B022399C1E002693F1 /* CustomHeader.xib */; };
		B10FC9BC2260A8440093C544 /* NativeCollection.storyboard in Resources */ = {isa = PBXBuildFile; fileRef = B10FC9BB2260A8440093C544 /* NativeCollection.storyboard */; };
		B10FC9BE2260AC0A0093C544 /* NativeCollectionViewController.swift in Sources */ = {isa = PBXBuildFile; fileRef = B10FC9BD2260AC0A0093C544 /* NativeCollectionViewController.swift */; };
		B11BCEF2224230CD004310BB /* GroupedTable.storyboard in Resources */ = {isa = PBXBuildFile; fileRef = B11BCEF1224230CD004310BB /* GroupedTable.storyboard */; };
		B11BCEF4224230DC004310BB /* GroupedTableViewController.swift in Sources */ = {isa = PBXBuildFile; fileRef = B11BCEF3224230DC004310BB /* GroupedTableViewController.swift */; };
		B14CA1D7228D9D4200579E6A /* StoreCollectionCell.swift in Sources */ = {isa = PBXBuildFile; fileRef = B14CA1D5228D9D4200579E6A /* StoreCollectionCell.swift */; };
/* End PBXBuildFile section */

/* Begin PBXFileReference section */
		1511B27D234E84B600514D17 /* Footer.swift */ = {isa = PBXFileReference; fileEncoding = 4; lastKnownFileType = sourcecode.swift; path = Footer.swift; sourceTree = "<group>"; };
		1511B27E234E84B600514D17 /* NativeFooter.swift */ = {isa = PBXFileReference; fileEncoding = 4; lastKnownFileType = sourcecode.swift; path = NativeFooter.swift; sourceTree = "<group>"; };
		1511B281234E84B600514D17 /* CollectionSection.swift */ = {isa = PBXFileReference; fileEncoding = 4; lastKnownFileType = sourcecode.swift; path = CollectionSection.swift; sourceTree = "<group>"; };
		1511B282234E84B600514D17 /* BaseCollectionSection.swift */ = {isa = PBXFileReference; fileEncoding = 4; lastKnownFileType = sourcecode.swift; path = BaseCollectionSection.swift; sourceTree = "<group>"; };
		1511B283234E84B600514D17 /* CollectionView.swift */ = {isa = PBXFileReference; fileEncoding = 4; lastKnownFileType = sourcecode.swift; path = CollectionView.swift; sourceTree = "<group>"; };
		1511B285234E84B600514D17 /* CollectionSource.swift */ = {isa = PBXFileReference; fileEncoding = 4; lastKnownFileType = sourcecode.swift; path = CollectionSource.swift; sourceTree = "<group>"; };
		1511B286234E84B600514D17 /* CollectionSource+UICollectionViewDelegate.swift */ = {isa = PBXFileReference; fileEncoding = 4; lastKnownFileType = sourcecode.swift; path = "CollectionSource+UICollectionViewDelegate.swift"; sourceTree = "<group>"; };
		1511B287234E84B600514D17 /* CollectionSource+UICollectionViewDataSource.swift */ = {isa = PBXFileReference; fileEncoding = 4; lastKnownFileType = sourcecode.swift; path = "CollectionSource+UICollectionViewDataSource.swift"; sourceTree = "<group>"; };
		1511B289234E84B600514D17 /* CollectionCell.swift */ = {isa = PBXFileReference; fileEncoding = 4; lastKnownFileType = sourcecode.swift; path = CollectionCell.swift; sourceTree = "<group>"; };
		1511B28A234E84B600514D17 /* CollectionItemClosurePresenter.swift */ = {isa = PBXFileReference; fileEncoding = 4; lastKnownFileType = sourcecode.swift; path = CollectionItemClosurePresenter.swift; sourceTree = "<group>"; };
		1511B28B234E84B600514D17 /* CollectionItemPresenter.swift */ = {isa = PBXFileReference; fileEncoding = 4; lastKnownFileType = sourcecode.swift; path = CollectionItemPresenter.swift; sourceTree = "<group>"; };
		1511B28D234E84B600514D17 /* CollectionItem.swift */ = {isa = PBXFileReference; fileEncoding = 4; lastKnownFileType = sourcecode.swift; path = CollectionItem.swift; sourceTree = "<group>"; };
		1511B28F234E84B600514D17 /* CollectionItemLayout.swift */ = {isa = PBXFileReference; fileEncoding = 4; lastKnownFileType = sourcecode.swift; path = CollectionItemLayout.swift; sourceTree = "<group>"; };
		1511B291234E84B600514D17 /* Queue.swift */ = {isa = PBXFileReference; fileEncoding = 4; lastKnownFileType = sourcecode.swift; path = Queue.swift; sourceTree = "<group>"; };
		1511B292234E84B600514D17 /* Config.swift */ = {isa = PBXFileReference; fileEncoding = 4; lastKnownFileType = sourcecode.swift; path = Config.swift; sourceTree = "<group>"; };
		1511B294234E84B600514D17 /* IndexPathExtensions.swift */ = {isa = PBXFileReference; fileEncoding = 4; lastKnownFileType = sourcecode.swift; path = IndexPathExtensions.swift; sourceTree = "<group>"; };
		1511B295234E84B600514D17 /* CollectionExtensions.swift */ = {isa = PBXFileReference; fileEncoding = 4; lastKnownFileType = sourcecode.swift; path = CollectionExtensions.swift; sourceTree = "<group>"; };
		1511B298234E84B600514D17 /* TableSection.swift */ = {isa = PBXFileReference; fileEncoding = 4; lastKnownFileType = sourcecode.swift; path = TableSection.swift; sourceTree = "<group>"; };
		1511B299234E84B600514D17 /* BaseTableSection.swift */ = {isa = PBXFileReference; fileEncoding = 4; lastKnownFileType = sourcecode.swift; path = BaseTableSection.swift; sourceTree = "<group>"; };
		1511B29B234E84B600514D17 /* TableSource+UITableViewDelegate.swift */ = {isa = PBXFileReference; fileEncoding = 4; lastKnownFileType = sourcecode.swift; path = "TableSource+UITableViewDelegate.swift"; sourceTree = "<group>"; };
		1511B29C234E84B600514D17 /* TableSource+UITableViewDataSource.swift */ = {isa = PBXFileReference; fileEncoding = 4; lastKnownFileType = sourcecode.swift; path = "TableSource+UITableViewDataSource.swift"; sourceTree = "<group>"; };
		1511B29D234E84B600514D17 /* TableSource.swift */ = {isa = PBXFileReference; fileEncoding = 4; lastKnownFileType = sourcecode.swift; path = TableSource.swift; sourceTree = "<group>"; };
		1511B29F234E84B600514D17 /* CellPresenter.swift */ = {isa = PBXFileReference; fileEncoding = 4; lastKnownFileType = sourcecode.swift; path = CellPresenter.swift; sourceTree = "<group>"; };
		1511B2A0234E84B600514D17 /* TableCell.swift */ = {isa = PBXFileReference; fileEncoding = 4; lastKnownFileType = sourcecode.swift; path = TableCell.swift; sourceTree = "<group>"; };
		1511B2A1234E84B600514D17 /* NativeCell.swift */ = {isa = PBXFileReference; fileEncoding = 4; lastKnownFileType = sourcecode.swift; path = NativeCell.swift; sourceTree = "<group>"; };
		1511B2A2234E84B600514D17 /* CellClosurePresenter.swift */ = {isa = PBXFileReference; fileEncoding = 4; lastKnownFileType = sourcecode.swift; path = CellClosurePresenter.swift; sourceTree = "<group>"; };
		1511B2A5234E84B600514D17 /* NativeRow.swift */ = {isa = PBXFileReference; fileEncoding = 4; lastKnownFileType = sourcecode.swift; path = NativeRow.swift; sourceTree = "<group>"; };
		1511B2A6234E84B600514D17 /* Row.swift */ = {isa = PBXFileReference; fileEncoding = 4; lastKnownFileType = sourcecode.swift; path = Row.swift; sourceTree = "<group>"; };
		1511B2A7234E84B600514D17 /* NibRow.swift */ = {isa = PBXFileReference; fileEncoding = 4; lastKnownFileType = sourcecode.swift; path = NibRow.swift; sourceTree = "<group>"; };
		1511B2A9234E84B600514D17 /* RowSelection.swift */ = {isa = PBXFileReference; fileEncoding = 4; lastKnownFileType = sourcecode.swift; path = RowSelection.swift; sourceTree = "<group>"; };
		1511B2AA234E84B600514D17 /* RowLayout.swift */ = {isa = PBXFileReference; fileEncoding = 4; lastKnownFileType = sourcecode.swift; path = RowLayout.swift; sourceTree = "<group>"; };
		1511B2AB234E84B600514D17 /* RowEdition.swift */ = {isa = PBXFileReference; fileEncoding = 4; lastKnownFileType = sourcecode.swift; path = RowEdition.swift; sourceTree = "<group>"; };
		1511B2AC234E84B600514D17 /* TableView.swift */ = {isa = PBXFileReference; fileEncoding = 4; lastKnownFileType = sourcecode.swift; path = TableView.swift; sourceTree = "<group>"; };
		1511B2AE234E84B600514D17 /* Header.swift */ = {isa = PBXFileReference; fileEncoding = 4; lastKnownFileType = sourcecode.swift; path = Header.swift; sourceTree = "<group>"; };
		1511B2AF234E84B600514D17 /* NativeHeader.swift */ = {isa = PBXFileReference; fileEncoding = 4; lastKnownFileType = sourcecode.swift; path = NativeHeader.swift; sourceTree = "<group>"; };
		1511B2B0234E84B600514D17 /* SnowMonkey.h */ = {isa = PBXFileReference; fileEncoding = 4; lastKnownFileType = sourcecode.c.h; path = SnowMonkey.h; sourceTree = "<group>"; };
		1511B2B1234E84B600514D17 /* Info.plist */ = {isa = PBXFileReference; fileEncoding = 4; lastKnownFileType = text.plist.xml; path = Info.plist; sourceTree = "<group>"; };
		15389597223E65290034AB6A /* NativeTable.storyboard */ = {isa = PBXFileReference; lastKnownFileType = file.storyboard; path = NativeTable.storyboard; sourceTree = "<group>"; };
		153AC9592241983D00CA3E1E /* IndexedRow.swift */ = {isa = PBXFileReference; lastKnownFileType = sourcecode.swift; path = IndexedRow.swift; sourceTree = "<group>"; };
		153AC95B224198B500CA3E1E /* IndexedCell.swift */ = {isa = PBXFileReference; lastKnownFileType = sourcecode.swift; path = IndexedCell.swift; sourceTree = "<group>"; };
		153C04EC224102C9004B5FC4 /* StoreRow.swift */ = {isa = PBXFileReference; lastKnownFileType = sourcecode.swift; path = StoreRow.swift; sourceTree = "<group>"; };
		153C04EE224102D4004B5FC4 /* StoreCell.swift */ = {isa = PBXFileReference; lastKnownFileType = sourcecode.swift; path = StoreCell.swift; sourceTree = "<group>"; };
		153C04F0224102DF004B5FC4 /* StoreCell.xib */ = {isa = PBXFileReference; lastKnownFileType = file.xib; path = StoreCell.xib; sourceTree = "<group>"; };
		153C050522414A1D004B5FC4 /* CustomHeaderWithAction.swift */ = {isa = PBXFileReference; lastKnownFileType = sourcecode.swift; path = CustomHeaderWithAction.swift; sourceTree = "<group>"; };
		153C050822414A2E004B5FC4 /* CustomHeaderWithAction.xib */ = {isa = PBXFileReference; lastKnownFileType = file.xib; path = CustomHeaderWithAction.xib; sourceTree = "<group>"; };
		153D9CDE223ECA5200337B4E /* CustomTable.storyboard */ = {isa = PBXFileReference; lastKnownFileType = file.storyboard; path = CustomTable.storyboard; sourceTree = "<group>"; };
		153D9CE0223ECA6200337B4E /* CustomTableViewController.swift */ = {isa = PBXFileReference; lastKnownFileType = sourcecode.swift; path = CustomTableViewController.swift; sourceTree = "<group>"; };
		153D9CE6223ECC4400337B4E /* CustomDataTable.storyboard */ = {isa = PBXFileReference; lastKnownFileType = file.storyboard; path = CustomDataTable.storyboard; sourceTree = "<group>"; };
		153D9CE9223ECC5600337B4E /* ConfigurationTable.storyboard */ = {isa = PBXFileReference; lastKnownFileType = file.storyboard; path = ConfigurationTable.storyboard; sourceTree = "<group>"; };
		153D9CEB223ECC6600337B4E /* EditableTable.storyboard */ = {isa = PBXFileReference; lastKnownFileType = file.storyboard; path = EditableTable.storyboard; sourceTree = "<group>"; };
		153D9CED223ECC7000337B4E /* AnimatedTable.storyboard */ = {isa = PBXFileReference; lastKnownFileType = file.storyboard; path = AnimatedTable.storyboard; sourceTree = "<group>"; };
		153D9CEF223ECC8A00337B4E /* CustomDataTableViewController.swift */ = {isa = PBXFileReference; lastKnownFileType = sourcecode.swift; path = CustomDataTableViewController.swift; sourceTree = "<group>"; };
		153D9CF1223ECC9900337B4E /* ConfigurationTableViewController.swift */ = {isa = PBXFileReference; lastKnownFileType = sourcecode.swift; path = ConfigurationTableViewController.swift; sourceTree = "<group>"; };
		153D9CF3223ECCA300337B4E /* EditableTableViewController.swift */ = {isa = PBXFileReference; lastKnownFileType = sourcecode.swift; path = EditableTableViewController.swift; sourceTree = "<group>"; };
		153D9CF5223ECCAD00337B4E /* AnimatedTableViewController.swift */ = {isa = PBXFileReference; lastKnownFileType = sourcecode.swift; path = AnimatedTableViewController.swift; sourceTree = "<group>"; };
		153D9CF7223ED29100337B4E /* CustomCell.xib */ = {isa = PBXFileReference; lastKnownFileType = file.xib; path = CustomCell.xib; sourceTree = "<group>"; };
		153D9CFB223ED44700337B4E /* CustomRow.swift */ = {isa = PBXFileReference; lastKnownFileType = sourcecode.swift; path = CustomRow.swift; sourceTree = "<group>"; };
		1549307D22399BAE002693F1 /* SnowMonkeyExample.app */ = {isa = PBXFileReference; explicitFileType = wrapper.application; includeInIndex = 0; path = SnowMonkeyExample.app; sourceTree = BUILT_PRODUCTS_DIR; };
		1549309022399BF8002693F1 /* ViewController.swift */ = {isa = PBXFileReference; fileEncoding = 4; lastKnownFileType = sourcecode.swift; path = ViewController.swift; sourceTree = "<group>"; };
		1549309122399BF8002693F1 /* Assets.xcassets */ = {isa = PBXFileReference; lastKnownFileType = folder.assetcatalog; path = Assets.xcassets; sourceTree = "<group>"; };
		1549309322399BF8002693F1 /* Base */ = {isa = PBXFileReference; lastKnownFileType = file.storyboard; name = Base; path = Base.lproj/LaunchScreen.storyboard; sourceTree = "<group>"; };
		1549309522399BF8002693F1 /* Base */ = {isa = PBXFileReference; lastKnownFileType = file.storyboard; name = Base; path = Base.lproj/Main.storyboard; sourceTree = "<group>"; };
		1549309622399BF8002693F1 /* AppDelegate.swift */ = {isa = PBXFileReference; fileEncoding = 4; lastKnownFileType = sourcecode.swift; path = AppDelegate.swift; sourceTree = "<group>"; };
		1549309722399BF8002693F1 /* Info.plist */ = {isa = PBXFileReference; fileEncoding = 4; lastKnownFileType = text.plist.xml; path = Info.plist; sourceTree = "<group>"; };
		154930A022399C1E002693F1 /* CustomFooter.swift */ = {isa = PBXFileReference; fileEncoding = 4; lastKnownFileType = sourcecode.swift; path = CustomFooter.swift; sourceTree = "<group>"; };
		154930A122399C1E002693F1 /* CustomFooter.xib */ = {isa = PBXFileReference; fileEncoding = 4; lastKnownFileType = file.xib; path = CustomFooter.xib; sourceTree = "<group>"; };
		154930A322399C1E002693F1 /* CustomCell.swift */ = {isa = PBXFileReference; fileEncoding = 4; lastKnownFileType = sourcecode.swift; path = CustomCell.swift; sourceTree = "<group>"; };
		154930A522399C1E002693F1 /* StoreOpenedCellPresenter.swift */ = {isa = PBXFileReference; fileEncoding = 4; lastKnownFileType = sourcecode.swift; path = StoreOpenedCellPresenter.swift; sourceTree = "<group>"; };
		154930A622399C1E002693F1 /* StoreNameCellPresenter.swift */ = {isa = PBXFileReference; fileEncoding = 4; lastKnownFileType = sourcecode.swift; path = StoreNameCellPresenter.swift; sourceTree = "<group>"; };
		154930A822399C1E002693F1 /* Store.swift */ = {isa = PBXFileReference; fileEncoding = 4; lastKnownFileType = sourcecode.swift; path = Store.swift; sourceTree = "<group>"; };
		154930AD22399C1E002693F1 /* NativeTableViewController.swift */ = {isa = PBXFileReference; fileEncoding = 4; lastKnownFileType = sourcecode.swift; path = NativeTableViewController.swift; sourceTree = "<group>"; };
		154930AF22399C1E002693F1 /* CustomHeader.swift */ = {isa = PBXFileReference; fileEncoding = 4; lastKnownFileType = sourcecode.swift; path = CustomHeader.swift; sourceTree = "<group>"; };
		154930B022399C1E002693F1 /* CustomHeader.xib */ = {isa = PBXFileReference; fileEncoding = 4; lastKnownFileType = file.xib; path = CustomHeader.xib; sourceTree = "<group>"; };
		15574EBE20F259FB00BC1089 /* SnowMonkey.framework */ = {isa = PBXFileReference; explicitFileType = wrapper.framework; includeInIndex = 0; path = SnowMonkey.framework; sourceTree = BUILT_PRODUCTS_DIR; };
		B10FC9BB2260A8440093C544 /* NativeCollection.storyboard */ = {isa = PBXFileReference; lastKnownFileType = file.storyboard; path = NativeCollection.storyboard; sourceTree = "<group>"; };
		B10FC9BD2260AC0A0093C544 /* NativeCollectionViewController.swift */ = {isa = PBXFileReference; lastKnownFileType = sourcecode.swift; path = NativeCollectionViewController.swift; sourceTree = "<group>"; };
		B11BCEF1224230CD004310BB /* GroupedTable.storyboard */ = {isa = PBXFileReference; lastKnownFileType = file.storyboard; path = GroupedTable.storyboard; sourceTree = "<group>"; };
		B11BCEF3224230DC004310BB /* GroupedTableViewController.swift */ = {isa = PBXFileReference; lastKnownFileType = sourcecode.swift; path = GroupedTableViewController.swift; sourceTree = "<group>"; };
		B14CA1D5228D9D4200579E6A /* StoreCollectionCell.swift */ = {isa = PBXFileReference; lastKnownFileType = sourcecode.swift; path = StoreCollectionCell.swift; sourceTree = "<group>"; };
/* End PBXFileReference section */

/* Begin PBXFrameworksBuildPhase section */
		1549307A22399BAE002693F1 /* Frameworks */ = {
			isa = PBXFrameworksBuildPhase;
			buildActionMask = 2147483647;
			files = (
			);
			runOnlyForDeploymentPostprocessing = 0;
		};
		15574EBA20F259FB00BC1089 /* Frameworks */ = {
			isa = PBXFrameworksBuildPhase;
			buildActionMask = 2147483647;
			files = (
			);
			runOnlyForDeploymentPostprocessing = 0;
		};
/* End PBXFrameworksBuildPhase section */

/* Begin PBXGroup section */
		1511B27A234E84B600514D17 /* SnowMonkey */ = {
			isa = PBXGroup;
			children = (
				1511B27B234E84B600514D17 /* classes */,
				1511B2B0234E84B600514D17 /* SnowMonkey.h */,
				1511B2B1234E84B600514D17 /* Info.plist */,
			);
			path = SnowMonkey;
			sourceTree = "<group>";
		};
		1511B27B234E84B600514D17 /* classes */ = {
			isa = PBXGroup;
			children = (
				1511B27C234E84B600514D17 /* footer */,
				1511B27F234E84B600514D17 /* collection */,
				1511B290234E84B600514D17 /* core */,
				1511B292234E84B600514D17 /* Config.swift */,
				1511B293234E84B600514D17 /* extensions */,
				1511B296234E84B600514D17 /* table */,
				1511B2AD234E84B600514D17 /* header */,
			);
			path = classes;
			sourceTree = "<group>";
		};
		1511B27C234E84B600514D17 /* footer */ = {
			isa = PBXGroup;
			children = (
				1511B27D234E84B600514D17 /* Footer.swift */,
				1511B27E234E84B600514D17 /* NativeFooter.swift */,
			);
			path = footer;
			sourceTree = "<group>";
		};
		1511B27F234E84B600514D17 /* collection */ = {
			isa = PBXGroup;
			children = (
				1511B280234E84B600514D17 /* section */,
				1511B283234E84B600514D17 /* CollectionView.swift */,
				1511B284234E84B600514D17 /* source */,
				1511B288234E84B600514D17 /* cell */,
				1511B28C234E84B600514D17 /* item */,
			);
			path = collection;
			sourceTree = "<group>";
		};
		1511B280234E84B600514D17 /* section */ = {
			isa = PBXGroup;
			children = (
				1511B281234E84B600514D17 /* CollectionSection.swift */,
				1511B282234E84B600514D17 /* BaseCollectionSection.swift */,
			);
			path = section;
			sourceTree = "<group>";
		};
		1511B284234E84B600514D17 /* source */ = {
			isa = PBXGroup;
			children = (
				1511B285234E84B600514D17 /* CollectionSource.swift */,
				1511B286234E84B600514D17 /* CollectionSource+UICollectionViewDelegate.swift */,
				1511B287234E84B600514D17 /* CollectionSource+UICollectionViewDataSource.swift */,
			);
			path = source;
			sourceTree = "<group>";
		};
		1511B288234E84B600514D17 /* cell */ = {
			isa = PBXGroup;
			children = (
				1511B289234E84B600514D17 /* CollectionCell.swift */,
				1511B28A234E84B600514D17 /* CollectionItemClosurePresenter.swift */,
				1511B28B234E84B600514D17 /* CollectionItemPresenter.swift */,
			);
			path = cell;
			sourceTree = "<group>";
		};
		1511B28C234E84B600514D17 /* item */ = {
			isa = PBXGroup;
			children = (
				1511B28D234E84B600514D17 /* CollectionItem.swift */,
				1511B28E234E84B600514D17 /* protocols */,
			);
			path = item;
			sourceTree = "<group>";
		};
		1511B28E234E84B600514D17 /* protocols */ = {
			isa = PBXGroup;
			children = (
				1511B28F234E84B600514D17 /* CollectionItemLayout.swift */,
			);
			path = protocols;
			sourceTree = "<group>";
		};
		1511B290234E84B600514D17 /* core */ = {
			isa = PBXGroup;
			children = (
				1511B291234E84B600514D17 /* Queue.swift */,
			);
			path = core;
			sourceTree = "<group>";
		};
		1511B293234E84B600514D17 /* extensions */ = {
			isa = PBXGroup;
			children = (
				1511B294234E84B600514D17 /* IndexPathExtensions.swift */,
				1511B295234E84B600514D17 /* CollectionExtensions.swift */,
			);
			path = extensions;
			sourceTree = "<group>";
		};
		1511B296234E84B600514D17 /* table */ = {
			isa = PBXGroup;
			children = (
				1511B297234E84B600514D17 /* section */,
				1511B29A234E84B600514D17 /* source */,
				1511B29E234E84B600514D17 /* cell */,
				1511B2A3234E84B600514D17 /* row */,
				1511B2AC234E84B600514D17 /* TableView.swift */,
			);
			path = table;
			sourceTree = "<group>";
		};
		1511B297234E84B600514D17 /* section */ = {
			isa = PBXGroup;
			children = (
				1511B298234E84B600514D17 /* TableSection.swift */,
				1511B299234E84B600514D17 /* BaseTableSection.swift */,
			);
			path = section;
			sourceTree = "<group>";
		};
		1511B29A234E84B600514D17 /* source */ = {
			isa = PBXGroup;
			children = (
				1511B29B234E84B600514D17 /* TableSource+UITableViewDelegate.swift */,
				1511B29C234E84B600514D17 /* TableSource+UITableViewDataSource.swift */,
				1511B29D234E84B600514D17 /* TableSource.swift */,
			);
			path = source;
			sourceTree = "<group>";
		};
		1511B29E234E84B600514D17 /* cell */ = {
			isa = PBXGroup;
			children = (
				1511B29F234E84B600514D17 /* CellPresenter.swift */,
				1511B2A0234E84B600514D17 /* TableCell.swift */,
				1511B2A1234E84B600514D17 /* NativeCell.swift */,
				1511B2A2234E84B600514D17 /* CellClosurePresenter.swift */,
			);
			path = cell;
			sourceTree = "<group>";
		};
		1511B2A3234E84B600514D17 /* row */ = {
			isa = PBXGroup;
			children = (
				1511B2A5234E84B600514D17 /* NativeRow.swift */,
				1511B2A6234E84B600514D17 /* Row.swift */,
				1511B2A7234E84B600514D17 /* NibRow.swift */,
				1511B2A8234E84B600514D17 /* protocols */,
			);
			path = row;
			sourceTree = "<group>";
		};
		1511B2A8234E84B600514D17 /* protocols */ = {
			isa = PBXGroup;
			children = (
				1511B2A9234E84B600514D17 /* RowSelection.swift */,
				1511B2AA234E84B600514D17 /* RowLayout.swift */,
				1511B2AB234E84B600514D17 /* RowEdition.swift */,
			);
			path = protocols;
			sourceTree = "<group>";
		};
		1511B2AD234E84B600514D17 /* header */ = {
			isa = PBXGroup;
			children = (
				1511B2AE234E84B600514D17 /* Header.swift */,
				1511B2AF234E84B600514D17 /* NativeHeader.swift */,
			);
			path = header;
			sourceTree = "<group>";
		};
		15389590223E5B170034AB6A /* Native */ = {
			isa = PBXGroup;
			children = (
				15389597223E65290034AB6A /* NativeTable.storyboard */,
				154930AD22399C1E002693F1 /* NativeTableViewController.swift */,
			);
			path = Native;
			sourceTree = "<group>";
		};
		153D9CDD223ECA3F00337B4E /* Custom */ = {
			isa = PBXGroup;
			children = (
				153D9CDE223ECA5200337B4E /* CustomTable.storyboard */,
				153D9CE0223ECA6200337B4E /* CustomTableViewController.swift */,
			);
			path = Custom;
			sourceTree = "<group>";
		};
		153D9CE2223ECC1500337B4E /* Animated */ = {
			isa = PBXGroup;
			children = (
				153D9CED223ECC7000337B4E /* AnimatedTable.storyboard */,
				153D9CF5223ECCAD00337B4E /* AnimatedTableViewController.swift */,
			);
			path = Animated;
			sourceTree = "<group>";
		};
		153D9CE3223ECC1B00337B4E /* Editable */ = {
			isa = PBXGroup;
			children = (
				153D9CEB223ECC6600337B4E /* EditableTable.storyboard */,
				153D9CF3223ECCA300337B4E /* EditableTableViewController.swift */,
			);
			path = Editable;
			sourceTree = "<group>";
		};
		153D9CE4223ECC2100337B4E /* Configuration */ = {
			isa = PBXGroup;
			children = (
				153D9CE9223ECC5600337B4E /* ConfigurationTable.storyboard */,
				153D9CF1223ECC9900337B4E /* ConfigurationTableViewController.swift */,
			);
			path = Configuration;
			sourceTree = "<group>";
		};
		153D9CE5223ECC2800337B4E /* CustomData */ = {
			isa = PBXGroup;
			children = (
				154930A422399C1E002693F1 /* cellPresenter */,
				154930A822399C1E002693F1 /* Store.swift */,
				153D9CE6223ECC4400337B4E /* CustomDataTable.storyboard */,
				153D9CEF223ECC8A00337B4E /* CustomDataTableViewController.swift */,
			);
			path = CustomData;
			sourceTree = "<group>";
		};
		1549308F22399BF8002693F1 /* SnowMonkeyExample */ = {
			isa = PBXGroup;
			children = (
				1549309E22399C1E002693F1 /* classes */,
				1549309022399BF8002693F1 /* ViewController.swift */,
				1549309122399BF8002693F1 /* Assets.xcassets */,
				1549309222399BF8002693F1 /* LaunchScreen.storyboard */,
				1549309422399BF8002693F1 /* Main.storyboard */,
				1549309622399BF8002693F1 /* AppDelegate.swift */,
				1549309722399BF8002693F1 /* Info.plist */,
			);
			path = SnowMonkeyExample;
			sourceTree = "<group>";
		};
		1549309E22399C1E002693F1 /* classes */ = {
			isa = PBXGroup;
			children = (
				154930AE22399C1E002693F1 /* header */,
				1549309F22399C1E002693F1 /* footer */,
				154930A222399C1E002693F1 /* cells */,
				154930AB22399C1E002693F1 /* examples */,
			);
			path = classes;
			sourceTree = "<group>";
		};
		1549309F22399C1E002693F1 /* footer */ = {
			isa = PBXGroup;
			children = (
				154930A022399C1E002693F1 /* CustomFooter.swift */,
				154930A122399C1E002693F1 /* CustomFooter.xib */,
			);
			path = footer;
			sourceTree = "<group>";
		};
		154930A222399C1E002693F1 /* cells */ = {
			isa = PBXGroup;
			children = (
				153D9CFB223ED44700337B4E /* CustomRow.swift */,
				154930A322399C1E002693F1 /* CustomCell.swift */,
				153D9CF7223ED29100337B4E /* CustomCell.xib */,
				153C04EC224102C9004B5FC4 /* StoreRow.swift */,
				153C04EE224102D4004B5FC4 /* StoreCell.swift */,
				153C04F0224102DF004B5FC4 /* StoreCell.xib */,
				153AC9592241983D00CA3E1E /* IndexedRow.swift */,
				153AC95B224198B500CA3E1E /* IndexedCell.swift */,
			);
			path = cells;
			sourceTree = "<group>";
		};
		154930A422399C1E002693F1 /* cellPresenter */ = {
			isa = PBXGroup;
			children = (
				154930A522399C1E002693F1 /* StoreOpenedCellPresenter.swift */,
				154930A622399C1E002693F1 /* StoreNameCellPresenter.swift */,
			);
			path = cellPresenter;
			sourceTree = "<group>";
		};
		154930AB22399C1E002693F1 /* examples */ = {
			isa = PBXGroup;
			children = (
				B10FC9B92260A7C30093C544 /* collection */,
				B10FC9B82260A7AC0093C544 /* table */,
			);
			path = examples;
			sourceTree = "<group>";
		};
		154930AE22399C1E002693F1 /* header */ = {
			isa = PBXGroup;
			children = (
				154930AF22399C1E002693F1 /* CustomHeader.swift */,
				154930B022399C1E002693F1 /* CustomHeader.xib */,
				153C050522414A1D004B5FC4 /* CustomHeaderWithAction.swift */,
				153C050822414A2E004B5FC4 /* CustomHeaderWithAction.xib */,
			);
			path = header;
			sourceTree = "<group>";
		};
		15574EB420F259FB00BC1089 = {
			isa = PBXGroup;
			children = (
				1511B27A234E84B600514D17 /* SnowMonkey */,
				1549308F22399BF8002693F1 /* SnowMonkeyExample */,
				15574EBF20F259FB00BC1089 /* Products */,
			);
			sourceTree = "<group>";
		};
		15574EBF20F259FB00BC1089 /* Products */ = {
			isa = PBXGroup;
			children = (
				15574EBE20F259FB00BC1089 /* SnowMonkey.framework */,
				1549307D22399BAE002693F1 /* SnowMonkeyExample.app */,
			);
			name = Products;
			sourceTree = "<group>";
		};
		B10FC9B82260A7AC0093C544 /* table */ = {
			isa = PBXGroup;
			children = (
				B193404A255A7D87009B291B /* hidden */,
				15389590223E5B170034AB6A /* Native */,
				153D9CDD223ECA3F00337B4E /* Custom */,
				153D9CE5223ECC2800337B4E /* CustomData */,
				153D9CE4223ECC2100337B4E /* Configuration */,
				153D9CE3223ECC1B00337B4E /* Editable */,
				153D9CE2223ECC1500337B4E /* Animated */,
				B11BCEF0224230A5004310BB /* Grouped */,
			);
			path = table;
			sourceTree = "<group>";
		};
		B10FC9B92260A7C30093C544 /* collection */ = {
			isa = PBXGroup;
			children = (
				B14CA1D4228D9D1700579E6A /* cells */,
				B10FC9BA2260A81E0093C544 /* Native */,
			);
			path = collection;
			sourceTree = "<group>";
		};
		B10FC9BA2260A81E0093C544 /* Native */ = {
			isa = PBXGroup;
			children = (
				B10FC9BB2260A8440093C544 /* NativeCollection.storyboard */,
				B10FC9BD2260AC0A0093C544 /* NativeCollectionViewController.swift */,
			);
			path = Native;
			sourceTree = "<group>";
		};
		B11BCEF0224230A5004310BB /* Grouped */ = {
			isa = PBXGroup;
			children = (
				B11BCEF1224230CD004310BB /* GroupedTable.storyboard */,
				B11BCEF3224230DC004310BB /* GroupedTableViewController.swift */,
			);
			path = Grouped;
			sourceTree = "<group>";
		};
		B14CA1D4228D9D1700579E6A /* cells */ = {
			isa = PBXGroup;
			children = (
				B14CA1D5228D9D4200579E6A /* StoreCollectionCell.swift */,
			);
			path = cells;
			sourceTree = "<group>";
		};
		B193404A255A7D87009B291B /* hidden */ = {
			isa = PBXGroup;
			children = (
			);
			path = hidden;
			sourceTree = "<group>";
		};
/* End PBXGroup section */

/* Begin PBXHeadersBuildPhase section */
		15574EBB20F259FB00BC1089 /* Headers */ = {
			isa = PBXHeadersBuildPhase;
			buildActionMask = 2147483647;
			files = (
				1511B2FA234E84B600514D17 /* SnowMonkey.h in Headers */,
			);
			runOnlyForDeploymentPostprocessing = 0;
		};
/* End PBXHeadersBuildPhase section */

/* Begin PBXNativeTarget section */
		1549307C22399BAE002693F1 /* SnowMonkeyExample */ = {
			isa = PBXNativeTarget;
			buildConfigurationList = 1549308C22399BAF002693F1 /* Build configuration list for PBXNativeTarget "SnowMonkeyExample" */;
			buildPhases = (
				1549307922399BAE002693F1 /* Sources */,
				1549307A22399BAE002693F1 /* Frameworks */,
				1549307B22399BAE002693F1 /* Resources */,
			);
			buildRules = (
			);
			dependencies = (
			);
			name = SnowMonkeyExample;
			productName = EasyListExample;
			productReference = 1549307D22399BAE002693F1 /* SnowMonkeyExample.app */;
			productType = "com.apple.product-type.application";
		};
		15574EBD20F259FB00BC1089 /* SnowMonkey */ = {
			isa = PBXNativeTarget;
			buildConfigurationList = 15574ED220F259FB00BC1089 /* Build configuration list for PBXNativeTarget "SnowMonkey" */;
			buildPhases = (
				15574EB920F259FB00BC1089 /* Sources */,
				15574EBA20F259FB00BC1089 /* Frameworks */,
				15574EBB20F259FB00BC1089 /* Headers */,
				15574EBC20F259FB00BC1089 /* Resources */,
			);
			buildRules = (
			);
			dependencies = (
			);
			name = SnowMonkey;
			productName = EasyList;
			productReference = 15574EBE20F259FB00BC1089 /* SnowMonkey.framework */;
			productType = "com.apple.product-type.framework";
		};
/* End PBXNativeTarget section */

/* Begin PBXProject section */
		15574EB520F259FB00BC1089 /* Project object */ = {
			isa = PBXProject;
			attributes = {
				LastSwiftUpdateCheck = 1010;
				LastUpgradeCheck = 1010;
				ORGANIZATIONNAME = "mathieu lecoupeur";
				TargetAttributes = {
					1549307C22399BAE002693F1 = {
						CreatedOnToolsVersion = 10.1;
						ProvisioningStyle = Automatic;
					};
					15574EBD20F259FB00BC1089 = {
						CreatedOnToolsVersion = 9.2;
						LastSwiftMigration = 0920;
						ProvisioningStyle = Automatic;
					};
				};
			};
			buildConfigurationList = 15574EB820F259FB00BC1089 /* Build configuration list for PBXProject "SnowMonkey" */;
			compatibilityVersion = "Xcode 8.0";
			developmentRegion = en;
			hasScannedForEncodings = 0;
			knownRegions = (
				en,
				Base,
			);
			mainGroup = 15574EB420F259FB00BC1089;
			productRefGroup = 15574EBF20F259FB00BC1089 /* Products */;
			projectDirPath = "";
			projectRoot = "";
			targets = (
				15574EBD20F259FB00BC1089 /* SnowMonkey */,
				1549307C22399BAE002693F1 /* SnowMonkeyExample */,
			);
		};
/* End PBXProject section */

/* Begin PBXResourcesBuildPhase section */
		1549307B22399BAE002693F1 /* Resources */ = {
			isa = PBXResourcesBuildPhase;
			buildActionMask = 2147483647;
			files = (
				153D9CEA223ECC5600337B4E /* ConfigurationTable.storyboard in Resources */,
				1549309B22399BF8002693F1 /* Main.storyboard in Resources */,
				153D9CE7223ECC4400337B4E /* CustomDataTable.storyboard in Resources */,
				1549309922399BF8002693F1 /* Assets.xcassets in Resources */,
				B11BCEF2224230CD004310BB /* GroupedTable.storyboard in Resources */,
				B10FC9BC2260A8440093C544 /* NativeCollection.storyboard in Resources */,
				153D9CEC223ECC6600337B4E /* EditableTable.storyboard in Resources */,
				153C04F1224102DF004B5FC4 /* StoreCell.xib in Resources */,
				154930BB22399C1E002693F1 /* CustomHeader.xib in Resources */,
				153C050A22414A2E004B5FC4 /* CustomHeaderWithAction.xib in Resources */,
				153D9CF8223ED29100337B4E /* CustomCell.xib in Resources */,
				1549309A22399BF8002693F1 /* LaunchScreen.storyboard in Resources */,
				153D9CEE223ECC7000337B4E /* AnimatedTable.storyboard in Resources */,
				153D9CDF223ECA5200337B4E /* CustomTable.storyboard in Resources */,
				154930B222399C1E002693F1 /* CustomFooter.xib in Resources */,
				15389598223E65290034AB6A /* NativeTable.storyboard in Resources */,
			);
			runOnlyForDeploymentPostprocessing = 0;
		};
		15574EBC20F259FB00BC1089 /* Resources */ = {
			isa = PBXResourcesBuildPhase;
			buildActionMask = 2147483647;
			files = (
				153C050922414A2E004B5FC4 /* CustomHeaderWithAction.xib in Resources */,
			);
			runOnlyForDeploymentPostprocessing = 0;
		};
/* End PBXResourcesBuildPhase section */

/* Begin PBXSourcesBuildPhase section */
		1549307922399BAE002693F1 /* Sources */ = {
			isa = PBXSourcesBuildPhase;
			buildActionMask = 2147483647;
			files = (
				1511B2C9234E84B600514D17 /* CollectionItem.swift in Sources */,
				1511B2F1234E84B600514D17 /* RowLayout.swift in Sources */,
				1511B2D7234E84B600514D17 /* BaseTableSection.swift in Sources */,
				1511B2E3234E84B600514D17 /* NativeCell.swift in Sources */,
				1511B2EF234E84B600514D17 /* RowSelection.swift in Sources */,
				1511B2E1234E84B600514D17 /* TableCell.swift in Sources */,
				B14CA1D7228D9D4200579E6A /* StoreCollectionCell.swift in Sources */,
				1511B2CB234E84B600514D17 /* CollectionItemLayout.swift in Sources */,
				1511B2C5234E84B600514D17 /* CollectionItemClosurePresenter.swift in Sources */,
				154930B622399C1E002693F1 /* Store.swift in Sources */,
				1511B2BD234E84B600514D17 /* CollectionSource.swift in Sources */,
				1511B2D1234E84B600514D17 /* IndexPathExtensions.swift in Sources */,
				1511B2BB234E84B600514D17 /* CollectionView.swift in Sources */,
				154930B422399C1E002693F1 /* StoreOpenedCellPresenter.swift in Sources */,
				154930B522399C1E002693F1 /* StoreNameCellPresenter.swift in Sources */,
				153C050722414A1D004B5FC4 /* CustomHeaderWithAction.swift in Sources */,
				1511B2F7234E84B600514D17 /* Header.swift in Sources */,
				B10FC9BE2260AC0A0093C544 /* NativeCollectionViewController.swift in Sources */,
				1511B2B5234E84B600514D17 /* NativeFooter.swift in Sources */,
				1511B2EB234E84B600514D17 /* Row.swift in Sources */,
				1511B2B3234E84B600514D17 /* Footer.swift in Sources */,
				153D9CFC223ED44700337B4E /* CustomRow.swift in Sources */,
				1511B2DD234E84B600514D17 /* TableSource.swift in Sources */,
				153C04ED224102C9004B5FC4 /* StoreRow.swift in Sources */,
				1511B2DF234E84B600514D17 /* CellPresenter.swift in Sources */,
				153AC95A2241983D00CA3E1E /* IndexedRow.swift in Sources */,
				154930B922399C1E002693F1 /* NativeTableViewController.swift in Sources */,
				1549309C22399BF8002693F1 /* AppDelegate.swift in Sources */,
				154930B322399C1E002693F1 /* CustomCell.swift in Sources */,
				1511B2CD234E84B600514D17 /* Queue.swift in Sources */,
				1511B2DB234E84B600514D17 /* TableSource+UITableViewDataSource.swift in Sources */,
				1511B2F9234E84B600514D17 /* NativeHeader.swift in Sources */,
				153D9CF0223ECC8A00337B4E /* CustomDataTableViewController.swift in Sources */,
				153D9CF4223ECCA300337B4E /* EditableTableViewController.swift in Sources */,
				1511B2BF234E84B600514D17 /* CollectionSource+UICollectionViewDelegate.swift in Sources */,
				1511B2CF234E84B600514D17 /* Config.swift in Sources */,
				1511B2D3234E84B600514D17 /* CollectionExtensions.swift in Sources */,
				1511B2C1234E84B600514D17 /* CollectionSource+UICollectionViewDataSource.swift in Sources */,
				B11BCEF4224230DC004310BB /* GroupedTableViewController.swift in Sources */,
				1511B2F5234E84B600514D17 /* TableView.swift in Sources */,
				154930B122399C1E002693F1 /* CustomFooter.swift in Sources */,
				1511B2B9234E84B600514D17 /* BaseCollectionSection.swift in Sources */,
				1511B2D9234E84B600514D17 /* TableSource+UITableViewDelegate.swift in Sources */,
				153D9CF6223ECCAD00337B4E /* AnimatedTableViewController.swift in Sources */,
				1511B2B7234E84B600514D17 /* CollectionSection.swift in Sources */,
				1549309822399BF8002693F1 /* ViewController.swift in Sources */,
				153C04EF224102D4004B5FC4 /* StoreCell.swift in Sources */,
				1511B2C3234E84B600514D17 /* CollectionCell.swift in Sources */,
				1511B2C7234E84B600514D17 /* CollectionItemPresenter.swift in Sources */,
				1511B2D5234E84B600514D17 /* TableSection.swift in Sources */,
				153AC95C224198B500CA3E1E /* IndexedCell.swift in Sources */,
				1511B2ED234E84B600514D17 /* NibRow.swift in Sources */,
				153D9CE1223ECA6200337B4E /* CustomTableViewController.swift in Sources */,
				1511B2E5234E84B600514D17 /* CellClosurePresenter.swift in Sources */,
				154930BA22399C1E002693F1 /* CustomHeader.swift in Sources */,
				1511B2E9234E84B600514D17 /* NativeRow.swift in Sources */,
				153D9CF2223ECC9900337B4E /* ConfigurationTableViewController.swift in Sources */,
				1511B2F3234E84B600514D17 /* RowEdition.swift in Sources */,
			);
			runOnlyForDeploymentPostprocessing = 0;
		};
		15574EB920F259FB00BC1089 /* Sources */ = {
			isa = PBXSourcesBuildPhase;
			buildActionMask = 2147483647;
			files = (
				1511B2DA234E84B600514D17 /* TableSource+UITableViewDataSource.swift in Sources */,
				1511B2BA234E84B600514D17 /* CollectionView.swift in Sources */,
				1511B2C4234E84B600514D17 /* CollectionItemClosurePresenter.swift in Sources */,
				1511B2DC234E84B600514D17 /* TableSource.swift in Sources */,
				1511B2CA234E84B600514D17 /* CollectionItemLayout.swift in Sources */,
				1511B2B4234E84B600514D17 /* NativeFooter.swift in Sources */,
				1511B2DE234E84B600514D17 /* CellPresenter.swift in Sources */,
				1511B2C6234E84B600514D17 /* CollectionItemPresenter.swift in Sources */,
				1511B2BE234E84B600514D17 /* CollectionSource+UICollectionViewDelegate.swift in Sources */,
				1511B2E8234E84B600514D17 /* NativeRow.swift in Sources */,
				1511B2EE234E84B600514D17 /* RowSelection.swift in Sources */,
				1511B2F0234E84B600514D17 /* RowLayout.swift in Sources */,
				1511B2C0234E84B600514D17 /* CollectionSource+UICollectionViewDataSource.swift in Sources */,
				1511B2B2234E84B600514D17 /* Footer.swift in Sources */,
				1511B2C8234E84B600514D17 /* CollectionItem.swift in Sources */,
				1511B2D6234E84B600514D17 /* BaseTableSection.swift in Sources */,
				1511B2D8234E84B600514D17 /* TableSource+UITableViewDelegate.swift in Sources */,
				1511B2E4234E84B600514D17 /* CellClosurePresenter.swift in Sources */,
				1511B2BC234E84B600514D17 /* CollectionSource.swift in Sources */,
				1511B2E0234E84B600514D17 /* TableCell.swift in Sources */,
				1511B2CC234E84B600514D17 /* Queue.swift in Sources */,
				1511B2B8234E84B600514D17 /* BaseCollectionSection.swift in Sources */,
				1511B2E2234E84B600514D17 /* NativeCell.swift in Sources */,
				153C050622414A1D004B5FC4 /* CustomHeaderWithAction.swift in Sources */,
				1511B2D2234E84B600514D17 /* CollectionExtensions.swift in Sources */,
				1511B2D0234E84B600514D17 /* IndexPathExtensions.swift in Sources */,
				1511B2F8234E84B600514D17 /* NativeHeader.swift in Sources */,
				1511B2F2234E84B600514D17 /* RowEdition.swift in Sources */,
				1511B2F6234E84B600514D17 /* Header.swift in Sources */,
				1511B2CE234E84B600514D17 /* Config.swift in Sources */,
				1511B2B6234E84B600514D17 /* CollectionSection.swift in Sources */,
				1511B2D4234E84B600514D17 /* TableSection.swift in Sources */,
				1511B2F4234E84B600514D17 /* TableView.swift in Sources */,
				1511B2EC234E84B600514D17 /* NibRow.swift in Sources */,
				1511B2EA234E84B600514D17 /* Row.swift in Sources */,
				1511B2C2234E84B600514D17 /* CollectionCell.swift in Sources */,
			);
			runOnlyForDeploymentPostprocessing = 0;
		};
/* End PBXSourcesBuildPhase section */

/* Begin PBXVariantGroup section */
		1549309222399BF8002693F1 /* LaunchScreen.storyboard */ = {
			isa = PBXVariantGroup;
			children = (
				1549309322399BF8002693F1 /* Base */,
			);
			name = LaunchScreen.storyboard;
			sourceTree = "<group>";
		};
		1549309422399BF8002693F1 /* Main.storyboard */ = {
			isa = PBXVariantGroup;
			children = (
				1549309522399BF8002693F1 /* Base */,
			);
			name = Main.storyboard;
			sourceTree = "<group>";
		};
/* End PBXVariantGroup section */

/* Begin XCBuildConfiguration section */
		1549308D22399BAF002693F1 /* Debug */ = {
			isa = XCBuildConfiguration;
			buildSettings = {
				ASSETCATALOG_COMPILER_APPICON_NAME = AppIcon;
				CLANG_ENABLE_OBJC_WEAK = YES;
				CLANG_WARN_DEPRECATED_OBJC_IMPLEMENTATIONS = YES;
				CLANG_WARN_OBJC_IMPLICIT_RETAIN_SELF = YES;
				CODE_SIGN_STYLE = Automatic;
				DEVELOPMENT_TEAM = 24MKJ932T6;
				INFOPLIST_FILE = SnowMonkeyExample/Info.plist;
				IPHONEOS_DEPLOYMENT_TARGET = 11.0;
				LD_RUNPATH_SEARCH_PATHS = "$(inherited) @executable_path/Frameworks";
				MTL_ENABLE_DEBUG_INFO = INCLUDE_SOURCE;
				MTL_FAST_MATH = YES;
				PRODUCT_BUNDLE_IDENTIFIER = fr.whitemonkeys.EasyListExample;
				PRODUCT_NAME = "$(TARGET_NAME)";
				SWIFT_VERSION = 5.0;
				TARGETED_DEVICE_FAMILY = "1,2";
			};
			name = Debug;
		};
		1549308E22399BAF002693F1 /* Release */ = {
			isa = XCBuildConfiguration;
			buildSettings = {
				ASSETCATALOG_COMPILER_APPICON_NAME = AppIcon;
				CLANG_ENABLE_OBJC_WEAK = YES;
				CLANG_WARN_DEPRECATED_OBJC_IMPLEMENTATIONS = YES;
				CLANG_WARN_OBJC_IMPLICIT_RETAIN_SELF = YES;
				CODE_SIGN_STYLE = Automatic;
				DEVELOPMENT_TEAM = 24MKJ932T6;
				INFOPLIST_FILE = SnowMonkeyExample/Info.plist;
				IPHONEOS_DEPLOYMENT_TARGET = 11.0;
				LD_RUNPATH_SEARCH_PATHS = "$(inherited) @executable_path/Frameworks";
				MTL_FAST_MATH = YES;
				PRODUCT_BUNDLE_IDENTIFIER = fr.whitemonkeys.EasyListExample;
				PRODUCT_NAME = "$(TARGET_NAME)";
				SWIFT_VERSION = 5.0;
				TARGETED_DEVICE_FAMILY = "1,2";
			};
			name = Release;
		};
		15574ED020F259FB00BC1089 /* Debug */ = {
			isa = XCBuildConfiguration;
			buildSettings = {
				ALWAYS_SEARCH_USER_PATHS = NO;
				CLANG_ANALYZER_NONNULL = YES;
				CLANG_ANALYZER_NUMBER_OBJECT_CONVERSION = YES_AGGRESSIVE;
				CLANG_CXX_LANGUAGE_STANDARD = "gnu++14";
				CLANG_CXX_LIBRARY = "libc++";
				CLANG_ENABLE_MODULES = YES;
				CLANG_ENABLE_OBJC_ARC = YES;
				CLANG_WARN_BLOCK_CAPTURE_AUTORELEASING = YES;
				CLANG_WARN_BOOL_CONVERSION = YES;
				CLANG_WARN_COMMA = YES;
				CLANG_WARN_CONSTANT_CONVERSION = YES;
				CLANG_WARN_DEPRECATED_OBJC_IMPLEMENTATIONS = YES;
				CLANG_WARN_DIRECT_OBJC_ISA_USAGE = YES_ERROR;
				CLANG_WARN_DOCUMENTATION_COMMENTS = YES;
				CLANG_WARN_EMPTY_BODY = YES;
				CLANG_WARN_ENUM_CONVERSION = YES;
				CLANG_WARN_INFINITE_RECURSION = YES;
				CLANG_WARN_INT_CONVERSION = YES;
				CLANG_WARN_NON_LITERAL_NULL_CONVERSION = YES;
				CLANG_WARN_OBJC_IMPLICIT_RETAIN_SELF = YES;
				CLANG_WARN_OBJC_LITERAL_CONVERSION = YES;
				CLANG_WARN_OBJC_ROOT_CLASS = YES_ERROR;
				CLANG_WARN_RANGE_LOOP_ANALYSIS = YES;
				CLANG_WARN_STRICT_PROTOTYPES = YES;
				CLANG_WARN_SUSPICIOUS_MOVE = YES;
				CLANG_WARN_UNGUARDED_AVAILABILITY = YES_AGGRESSIVE;
				CLANG_WARN_UNREACHABLE_CODE = YES;
				CLANG_WARN__DUPLICATE_METHOD_MATCH = YES;
				CODE_SIGN_IDENTITY = "iPhone Developer";
				COPY_PHASE_STRIP = NO;
				CURRENT_PROJECT_VERSION = 1;
				DEBUG_INFORMATION_FORMAT = dwarf;
				ENABLE_STRICT_OBJC_MSGSEND = YES;
				ENABLE_TESTABILITY = YES;
				GCC_C_LANGUAGE_STANDARD = gnu11;
				GCC_DYNAMIC_NO_PIC = NO;
				GCC_NO_COMMON_BLOCKS = YES;
				GCC_OPTIMIZATION_LEVEL = 0;
				GCC_PREPROCESSOR_DEFINITIONS = (
					"DEBUG=1",
					"$(inherited)",
				);
				GCC_WARN_64_TO_32_BIT_CONVERSION = YES;
				GCC_WARN_ABOUT_RETURN_TYPE = YES_ERROR;
				GCC_WARN_UNDECLARED_SELECTOR = YES;
				GCC_WARN_UNINITIALIZED_AUTOS = YES_AGGRESSIVE;
				GCC_WARN_UNUSED_FUNCTION = YES;
				GCC_WARN_UNUSED_VARIABLE = YES;
				IPHONEOS_DEPLOYMENT_TARGET = 11.2;
				MTL_ENABLE_DEBUG_INFO = YES;
				ONLY_ACTIVE_ARCH = YES;
				SDKROOT = iphoneos;
				SWIFT_ACTIVE_COMPILATION_CONDITIONS = DEBUG;
				SWIFT_OPTIMIZATION_LEVEL = "-Onone";
				SWIFT_VERSION = 4.2;
				VERSIONING_SYSTEM = "apple-generic";
				VERSION_INFO_PREFIX = "";
			};
			name = Debug;
		};
		15574ED120F259FB00BC1089 /* Release */ = {
			isa = XCBuildConfiguration;
			buildSettings = {
				ALWAYS_SEARCH_USER_PATHS = NO;
				CLANG_ANALYZER_NONNULL = YES;
				CLANG_ANALYZER_NUMBER_OBJECT_CONVERSION = YES_AGGRESSIVE;
				CLANG_CXX_LANGUAGE_STANDARD = "gnu++14";
				CLANG_CXX_LIBRARY = "libc++";
				CLANG_ENABLE_MODULES = YES;
				CLANG_ENABLE_OBJC_ARC = YES;
				CLANG_WARN_BLOCK_CAPTURE_AUTORELEASING = YES;
				CLANG_WARN_BOOL_CONVERSION = YES;
				CLANG_WARN_COMMA = YES;
				CLANG_WARN_CONSTANT_CONVERSION = YES;
				CLANG_WARN_DEPRECATED_OBJC_IMPLEMENTATIONS = YES;
				CLANG_WARN_DIRECT_OBJC_ISA_USAGE = YES_ERROR;
				CLANG_WARN_DOCUMENTATION_COMMENTS = YES;
				CLANG_WARN_EMPTY_BODY = YES;
				CLANG_WARN_ENUM_CONVERSION = YES;
				CLANG_WARN_INFINITE_RECURSION = YES;
				CLANG_WARN_INT_CONVERSION = YES;
				CLANG_WARN_NON_LITERAL_NULL_CONVERSION = YES;
				CLANG_WARN_OBJC_IMPLICIT_RETAIN_SELF = YES;
				CLANG_WARN_OBJC_LITERAL_CONVERSION = YES;
				CLANG_WARN_OBJC_ROOT_CLASS = YES_ERROR;
				CLANG_WARN_RANGE_LOOP_ANALYSIS = YES;
				CLANG_WARN_STRICT_PROTOTYPES = YES;
				CLANG_WARN_SUSPICIOUS_MOVE = YES;
				CLANG_WARN_UNGUARDED_AVAILABILITY = YES_AGGRESSIVE;
				CLANG_WARN_UNREACHABLE_CODE = YES;
				CLANG_WARN__DUPLICATE_METHOD_MATCH = YES;
				CODE_SIGN_IDENTITY = "iPhone Developer";
				COPY_PHASE_STRIP = NO;
				CURRENT_PROJECT_VERSION = 1;
				DEBUG_INFORMATION_FORMAT = "dwarf-with-dsym";
				ENABLE_NS_ASSERTIONS = NO;
				ENABLE_STRICT_OBJC_MSGSEND = YES;
				GCC_C_LANGUAGE_STANDARD = gnu11;
				GCC_NO_COMMON_BLOCKS = YES;
				GCC_WARN_64_TO_32_BIT_CONVERSION = YES;
				GCC_WARN_ABOUT_RETURN_TYPE = YES_ERROR;
				GCC_WARN_UNDECLARED_SELECTOR = YES;
				GCC_WARN_UNINITIALIZED_AUTOS = YES_AGGRESSIVE;
				GCC_WARN_UNUSED_FUNCTION = YES;
				GCC_WARN_UNUSED_VARIABLE = YES;
				IPHONEOS_DEPLOYMENT_TARGET = 11.2;
				MTL_ENABLE_DEBUG_INFO = NO;
				SDKROOT = iphoneos;
				SWIFT_OPTIMIZATION_LEVEL = "-Owholemodule";
				SWIFT_VERSION = 4.2;
				VALIDATE_PRODUCT = YES;
				VERSIONING_SYSTEM = "apple-generic";
				VERSION_INFO_PREFIX = "";
			};
			name = Release;
		};
		15574ED320F259FB00BC1089 /* Debug */ = {
			isa = XCBuildConfiguration;
			buildSettings = {
				ALWAYS_EMBED_SWIFT_STANDARD_LIBRARIES = NO;
				CLANG_ENABLE_MODULES = YES;
				CODE_SIGN_IDENTITY = "";
				CODE_SIGN_STYLE = Automatic;
				DEFINES_MODULE = YES;
				DEVELOPMENT_TEAM = 24MKJ932T6;
				DYLIB_COMPATIBILITY_VERSION = 1;
				DYLIB_CURRENT_VERSION = 1;
				DYLIB_INSTALL_NAME_BASE = "@rpath";
				INFOPLIST_FILE = SnowMonkey/Info.plist;
				INSTALL_PATH = "$(LOCAL_LIBRARY_DIR)/Frameworks";
				IPHONEOS_DEPLOYMENT_TARGET = 9.0;
				LD_RUNPATH_SEARCH_PATHS = "$(inherited) @executable_path/Frameworks @loader_path/Frameworks";
				PRODUCT_BUNDLE_IDENTIFIER = fr.whitemonkeys.EasyList;
				PRODUCT_NAME = "$(TARGET_NAME:c99extidentifier)";
				SKIP_INSTALL = YES;
				SWIFT_OPTIMIZATION_LEVEL = "-Onone";
				SWIFT_VERSION = 5.0;
				TARGETED_DEVICE_FAMILY = "1,2";
			};
			name = Debug;
		};
		15574ED420F259FB00BC1089 /* Release */ = {
			isa = XCBuildConfiguration;
			buildSettings = {
				ALWAYS_EMBED_SWIFT_STANDARD_LIBRARIES = NO;
				CLANG_ENABLE_MODULES = YES;
				CODE_SIGN_IDENTITY = "";
				CODE_SIGN_STYLE = Automatic;
				DEFINES_MODULE = YES;
				DEVELOPMENT_TEAM = 24MKJ932T6;
				DYLIB_COMPATIBILITY_VERSION = 1;
				DYLIB_CURRENT_VERSION = 1;
				DYLIB_INSTALL_NAME_BASE = "@rpath";
				INFOPLIST_FILE = SnowMonkey/Info.plist;
				INSTALL_PATH = "$(LOCAL_LIBRARY_DIR)/Frameworks";
				IPHONEOS_DEPLOYMENT_TARGET = 9.0;
				LD_RUNPATH_SEARCH_PATHS = "$(inherited) @executable_path/Frameworks @loader_path/Frameworks";
				PRODUCT_BUNDLE_IDENTIFIER = fr.whitemonkeys.EasyList;
				PRODUCT_NAME = "$(TARGET_NAME:c99extidentifier)";
				SKIP_INSTALL = YES;
				SWIFT_VERSION = 5.0;
				TARGETED_DEVICE_FAMILY = "1,2";
			};
			name = Release;
		};
/* End XCBuildConfiguration section */

/* Begin XCConfigurationList section */
		1549308C22399BAF002693F1 /* Build configuration list for PBXNativeTarget "SnowMonkeyExample" */ = {
			isa = XCConfigurationList;
			buildConfigurations = (
				1549308D22399BAF002693F1 /* Debug */,
				1549308E22399BAF002693F1 /* Release */,
			);
			defaultConfigurationIsVisible = 0;
			defaultConfigurationName = Release;
		};
		15574EB820F259FB00BC1089 /* Build configuration list for PBXProject "SnowMonkey" */ = {
			isa = XCConfigurationList;
			buildConfigurations = (
				15574ED020F259FB00BC1089 /* Debug */,
				15574ED120F259FB00BC1089 /* Release */,
			);
			defaultConfigurationIsVisible = 0;
			defaultConfigurationName = Release;
		};
		15574ED220F259FB00BC1089 /* Build configuration list for PBXNativeTarget "SnowMonkey" */ = {
			isa = XCConfigurationList;
			buildConfigurations = (
				15574ED320F259FB00BC1089 /* Debug */,
				15574ED420F259FB00BC1089 /* Release */,
			);
			defaultConfigurationIsVisible = 0;
			defaultConfigurationName = Release;
		};
/* End XCConfigurationList section */
	};
	rootObject = 15574EB520F259FB00BC1089 /* Project object */;
}
