// !$*UTF8*$!
{
	archiveVersion = 1;
	classes = {
	};
	objectVersion = 48;
	objects = {

/* Begin PBXBuildFile section */
		154E630C2104A6740019C0FB /* CustomRow.swift in Sources */ = {isa = PBXBuildFile; fileRef = 154E630B2104A6740019C0FB /* CustomRow.swift */; };
		154E630F210513DC0019C0FB /* NativeViewController.swift in Sources */ = {isa = PBXBuildFile; fileRef = 154E630E210513DC0019C0FB /* NativeViewController.swift */; };
		154E6311210514470019C0FB /* NativeView.xib in Resources */ = {isa = PBXBuildFile; fileRef = 154E6310210514470019C0FB /* NativeView.xib */; };
		15574EE520F25AE000BC1089 /* AppDelegate.swift in Sources */ = {isa = PBXBuildFile; fileRef = 15574EE420F25AE000BC1089 /* AppDelegate.swift */; };
		15574EE720F25AE000BC1089 /* ViewController.swift in Sources */ = {isa = PBXBuildFile; fileRef = 15574EE620F25AE000BC1089 /* ViewController.swift */; };
		15574EEA20F25AE000BC1089 /* Main.storyboard in Resources */ = {isa = PBXBuildFile; fileRef = 15574EE820F25AE000BC1089 /* Main.storyboard */; };
		15574EEC20F25AE000BC1089 /* Assets.xcassets in Resources */ = {isa = PBXBuildFile; fileRef = 15574EEB20F25AE000BC1089 /* Assets.xcassets */; };
		15574EEF20F25AE000BC1089 /* LaunchScreen.storyboard in Resources */ = {isa = PBXBuildFile; fileRef = 15574EED20F25AE000BC1089 /* LaunchScreen.storyboard */; };
		15574EFA20F25AE000BC1089 /* EasyListExampleTests.swift in Sources */ = {isa = PBXBuildFile; fileRef = 15574EF920F25AE000BC1089 /* EasyListExampleTests.swift */; };
		15574F0C20F25D0400BC1089 /* EasyList.framework in Frameworks */ = {isa = PBXBuildFile; fileRef = 15574F0B20F25D0400BC1089 /* EasyList.framework */; };
		15574F0D20F25D0400BC1089 /* EasyList.framework in Embed Frameworks */ = {isa = PBXBuildFile; fileRef = 15574F0B20F25D0400BC1089 /* EasyList.framework */; settings = {ATTRIBUTES = (CodeSignOnCopy, RemoveHeadersOnCopy, ); }; };
		15574F2620F2884B00BC1089 /* SingleLineCell.swift in Sources */ = {isa = PBXBuildFile; fileRef = 15574F2520F2884B00BC1089 /* SingleLineCell.swift */; };
		15574F2B20F28AD800BC1089 /* Store.swift in Sources */ = {isa = PBXBuildFile; fileRef = 15574F2A20F28AD800BC1089 /* Store.swift */; };
		1586EE1D20F686E60034C35D /* StoreNameCellPresenter.swift in Sources */ = {isa = PBXBuildFile; fileRef = 1586EE1C20F686E60034C35D /* StoreNameCellPresenter.swift */; };
		1586EE1F20F686F70034C35D /* StoreOpenedCellPresenter.swift in Sources */ = {isa = PBXBuildFile; fileRef = 1586EE1E20F686F70034C35D /* StoreOpenedCellPresenter.swift */; };
		1586EE2920F692870034C35D /* CustomHeader.swift in Sources */ = {isa = PBXBuildFile; fileRef = 1586EE2820F692870034C35D /* CustomHeader.swift */; };
		15A9654420FB8AED00C630DF /* CustomHeader.xib in Resources */ = {isa = PBXBuildFile; fileRef = 15A9654320FB8AED00C630DF /* CustomHeader.xib */; };
		15A9654620FB902B00C630DF /* CustomFooter.swift in Sources */ = {isa = PBXBuildFile; fileRef = 15A9654520FB902B00C630DF /* CustomFooter.swift */; };
		15A9654820FB903900C630DF /* CustomFooter.xib in Resources */ = {isa = PBXBuildFile; fileRef = 15A9654720FB903900C630DF /* CustomFooter.xib */; };
/* End PBXBuildFile section */

/* Begin PBXContainerItemProxy section */
		15574EF620F25AE000BC1089 /* PBXContainerItemProxy */ = {
			isa = PBXContainerItemProxy;
			containerPortal = 15574ED920F25AE000BC1089 /* Project object */;
			proxyType = 1;
			remoteGlobalIDString = 15574EE020F25AE000BC1089;
			remoteInfo = EasyListExample;
		};
/* End PBXContainerItemProxy section */

/* Begin PBXCopyFilesBuildPhase section */
		15574F0720F25C1200BC1089 /* Embed Frameworks */ = {
			isa = PBXCopyFilesBuildPhase;
			buildActionMask = 2147483647;
			dstPath = "";
			dstSubfolderSpec = 10;
			files = (
				15574F0D20F25D0400BC1089 /* EasyList.framework in Embed Frameworks */,
			);
			name = "Embed Frameworks";
			runOnlyForDeploymentPostprocessing = 0;
		};
/* End PBXCopyFilesBuildPhase section */

/* Begin PBXFileReference section */
		154E630B2104A6740019C0FB /* CustomRow.swift */ = {isa = PBXFileReference; lastKnownFileType = sourcecode.swift; path = CustomRow.swift; sourceTree = "<group>"; };
		154E630E210513DC0019C0FB /* NativeViewController.swift */ = {isa = PBXFileReference; lastKnownFileType = sourcecode.swift; path = NativeViewController.swift; sourceTree = "<group>"; };
		154E6310210514470019C0FB /* NativeView.xib */ = {isa = PBXFileReference; lastKnownFileType = file.xib; path = NativeView.xib; sourceTree = "<group>"; };
		15574EE120F25AE000BC1089 /* EasyListExample.app */ = {isa = PBXFileReference; explicitFileType = wrapper.application; includeInIndex = 0; path = EasyListExample.app; sourceTree = BUILT_PRODUCTS_DIR; };
		15574EE420F25AE000BC1089 /* AppDelegate.swift */ = {isa = PBXFileReference; lastKnownFileType = sourcecode.swift; path = AppDelegate.swift; sourceTree = "<group>"; };
		15574EE620F25AE000BC1089 /* ViewController.swift */ = {isa = PBXFileReference; lastKnownFileType = sourcecode.swift; path = ViewController.swift; sourceTree = "<group>"; };
		15574EE920F25AE000BC1089 /* Base */ = {isa = PBXFileReference; lastKnownFileType = file.storyboard; name = Base; path = Base.lproj/Main.storyboard; sourceTree = "<group>"; };
		15574EEB20F25AE000BC1089 /* Assets.xcassets */ = {isa = PBXFileReference; lastKnownFileType = folder.assetcatalog; path = Assets.xcassets; sourceTree = "<group>"; };
		15574EEE20F25AE000BC1089 /* Base */ = {isa = PBXFileReference; lastKnownFileType = file.storyboard; name = Base; path = Base.lproj/LaunchScreen.storyboard; sourceTree = "<group>"; };
		15574EF020F25AE000BC1089 /* Info.plist */ = {isa = PBXFileReference; lastKnownFileType = text.plist.xml; path = Info.plist; sourceTree = "<group>"; };
		15574EF520F25AE000BC1089 /* EasyListExampleTests.xctest */ = {isa = PBXFileReference; explicitFileType = wrapper.cfbundle; includeInIndex = 0; path = EasyListExampleTests.xctest; sourceTree = BUILT_PRODUCTS_DIR; };
		15574EF920F25AE000BC1089 /* EasyListExampleTests.swift */ = {isa = PBXFileReference; lastKnownFileType = sourcecode.swift; path = EasyListExampleTests.swift; sourceTree = "<group>"; };
		15574EFB20F25AE000BC1089 /* Info.plist */ = {isa = PBXFileReference; lastKnownFileType = text.plist.xml; path = Info.plist; sourceTree = "<group>"; };
		15574F0B20F25D0400BC1089 /* EasyList.framework */ = {isa = PBXFileReference; lastKnownFileType = wrapper.framework; name = EasyList.framework; path = "../Build/Products/Debug-iphonesimulator/EasyList.framework"; sourceTree = "<group>"; };
		15574F2220F27DED00BC1089 /* Foundation.framework */ = {isa = PBXFileReference; lastKnownFileType = wrapper.framework; name = Foundation.framework; path = System/Library/Frameworks/Foundation.framework; sourceTree = SDKROOT; };
		15574F2520F2884B00BC1089 /* SingleLineCell.swift */ = {isa = PBXFileReference; lastKnownFileType = sourcecode.swift; path = SingleLineCell.swift; sourceTree = "<group>"; };
		15574F2A20F28AD800BC1089 /* Store.swift */ = {isa = PBXFileReference; lastKnownFileType = sourcecode.swift; path = Store.swift; sourceTree = "<group>"; };
		1586EE1C20F686E60034C35D /* StoreNameCellPresenter.swift */ = {isa = PBXFileReference; lastKnownFileType = sourcecode.swift; path = StoreNameCellPresenter.swift; sourceTree = "<group>"; };
		1586EE1E20F686F70034C35D /* StoreOpenedCellPresenter.swift */ = {isa = PBXFileReference; lastKnownFileType = sourcecode.swift; path = StoreOpenedCellPresenter.swift; sourceTree = "<group>"; };
		1586EE2820F692870034C35D /* CustomHeader.swift */ = {isa = PBXFileReference; lastKnownFileType = sourcecode.swift; path = CustomHeader.swift; sourceTree = "<group>"; };
		15A9654320FB8AED00C630DF /* CustomHeader.xib */ = {isa = PBXFileReference; lastKnownFileType = file.xib; path = CustomHeader.xib; sourceTree = "<group>"; };
		15A9654520FB902B00C630DF /* CustomFooter.swift */ = {isa = PBXFileReference; lastKnownFileType = sourcecode.swift; path = CustomFooter.swift; sourceTree = "<group>"; };
		15A9654720FB903900C630DF /* CustomFooter.xib */ = {isa = PBXFileReference; lastKnownFileType = file.xib; path = CustomFooter.xib; sourceTree = "<group>"; };
/* End PBXFileReference section */

/* Begin PBXFrameworksBuildPhase section */
		15574EDE20F25AE000BC1089 /* Frameworks */ = {
			isa = PBXFrameworksBuildPhase;
			buildActionMask = 2147483647;
			files = (
				15574F0C20F25D0400BC1089 /* EasyList.framework in Frameworks */,
			);
			runOnlyForDeploymentPostprocessing = 0;
		};
		15574EF220F25AE000BC1089 /* Frameworks */ = {
			isa = PBXFrameworksBuildPhase;
			buildActionMask = 2147483647;
			files = (
			);
			runOnlyForDeploymentPostprocessing = 0;
		};
/* End PBXFrameworksBuildPhase section */

/* Begin PBXGroup section */
		154E630A2104A65E0019C0FB /* rows */ = {
			isa = PBXGroup;
			children = (
				154E630B2104A6740019C0FB /* CustomRow.swift */,
			);
			path = rows;
			sourceTree = "<group>";
		};
		154E630D2105138F0019C0FB /* examples */ = {
			isa = PBXGroup;
			children = (
				154E630E210513DC0019C0FB /* NativeViewController.swift */,
				154E6310210514470019C0FB /* NativeView.xib */,
			);
			path = examples;
			sourceTree = "<group>";
		};
		15574ED820F25AE000BC1089 = {
			isa = PBXGroup;
			children = (
				15574F0B20F25D0400BC1089 /* EasyList.framework */,
				15574EE320F25AE000BC1089 /* EasyListExample */,
				15574EF820F25AE000BC1089 /* EasyListExampleTests */,
				15574EE220F25AE000BC1089 /* Products */,
				15574F2120F27DEC00BC1089 /* Frameworks */,
			);
			sourceTree = "<group>";
		};
		15574EE220F25AE000BC1089 /* Products */ = {
			isa = PBXGroup;
			children = (
				15574EE120F25AE000BC1089 /* EasyListExample.app */,
				15574EF520F25AE000BC1089 /* EasyListExampleTests.xctest */,
			);
			name = Products;
			sourceTree = "<group>";
		};
		15574EE320F25AE000BC1089 /* EasyListExample */ = {
			isa = PBXGroup;
			children = (
				1586EE1B20F686B80034C35D /* cellPresenter */,
				15574F2920F28AC800BC1089 /* business */,
				1586EE2720F6924B0034C35D /* header */,
				1586EE2620F6924B0034C35D /* footer */,
				15574F2420F2883900BC1089 /* cells */,
				154E630A2104A65E0019C0FB /* rows */,
				154E630D2105138F0019C0FB /* examples */,
				15574EE420F25AE000BC1089 /* AppDelegate.swift */,
				15574EE620F25AE000BC1089 /* ViewController.swift */,
				15574EE820F25AE000BC1089 /* Main.storyboard */,
				15574EEB20F25AE000BC1089 /* Assets.xcassets */,
				15574EED20F25AE000BC1089 /* LaunchScreen.storyboard */,
				15574EF020F25AE000BC1089 /* Info.plist */,
			);
			path = EasyListExample;
			sourceTree = "<group>";
		};
		15574EF820F25AE000BC1089 /* EasyListExampleTests */ = {
			isa = PBXGroup;
			children = (
				15574EF920F25AE000BC1089 /* EasyListExampleTests.swift */,
				15574EFB20F25AE000BC1089 /* Info.plist */,
			);
			path = EasyListExampleTests;
			sourceTree = "<group>";
		};
		15574F2120F27DEC00BC1089 /* Frameworks */ = {
			isa = PBXGroup;
			children = (
				15574F2220F27DED00BC1089 /* Foundation.framework */,
			);
			name = Frameworks;
			sourceTree = "<group>";
		};
		15574F2420F2883900BC1089 /* cells */ = {
			isa = PBXGroup;
			children = (
				15574F2520F2884B00BC1089 /* SingleLineCell.swift */,
			);
			path = cells;
			sourceTree = "<group>";
		};
		15574F2920F28AC800BC1089 /* business */ = {
			isa = PBXGroup;
			children = (
				15574F2A20F28AD800BC1089 /* Store.swift */,
			);
			path = business;
			sourceTree = "<group>";
		};
		1586EE1B20F686B80034C35D /* cellPresenter */ = {
			isa = PBXGroup;
			children = (
				1586EE1C20F686E60034C35D /* StoreNameCellPresenter.swift */,
				1586EE1E20F686F70034C35D /* StoreOpenedCellPresenter.swift */,
			);
			path = cellPresenter;
			sourceTree = "<group>";
		};
		1586EE2620F6924B0034C35D /* footer */ = {
			isa = PBXGroup;
			children = (
				15A9654520FB902B00C630DF /* CustomFooter.swift */,
				15A9654720FB903900C630DF /* CustomFooter.xib */,
			);
			path = footer;
			sourceTree = "<group>";
		};
		1586EE2720F6924B0034C35D /* header */ = {
			isa = PBXGroup;
			children = (
				1586EE2820F692870034C35D /* CustomHeader.swift */,
				15A9654320FB8AED00C630DF /* CustomHeader.xib */,
			);
			path = header;
			sourceTree = "<group>";
		};
/* End PBXGroup section */

/* Begin PBXNativeTarget section */
		15574EE020F25AE000BC1089 /* EasyListExample */ = {
			isa = PBXNativeTarget;
			buildConfigurationList = 15574EFE20F25AE000BC1089 /* Build configuration list for PBXNativeTarget "EasyListExample" */;
			buildPhases = (
				15574EDD20F25AE000BC1089 /* Sources */,
				15574EDE20F25AE000BC1089 /* Frameworks */,
				15574EDF20F25AE000BC1089 /* Resources */,
				15574F0720F25C1200BC1089 /* Embed Frameworks */,
			);
			buildRules = (
			);
			dependencies = (
			);
			name = EasyListExample;
			productName = EasyListExample;
			productReference = 15574EE120F25AE000BC1089 /* EasyListExample.app */;
			productType = "com.apple.product-type.application";
		};
		15574EF420F25AE000BC1089 /* EasyListExampleTests */ = {
			isa = PBXNativeTarget;
			buildConfigurationList = 15574F0120F25AE000BC1089 /* Build configuration list for PBXNativeTarget "EasyListExampleTests" */;
			buildPhases = (
				15574EF120F25AE000BC1089 /* Sources */,
				15574EF220F25AE000BC1089 /* Frameworks */,
				15574EF320F25AE000BC1089 /* Resources */,
			);
			buildRules = (
			);
			dependencies = (
				15574EF720F25AE000BC1089 /* PBXTargetDependency */,
			);
			name = EasyListExampleTests;
			productName = EasyListExampleTests;
			productReference = 15574EF520F25AE000BC1089 /* EasyListExampleTests.xctest */;
			productType = "com.apple.product-type.bundle.unit-test";
		};
/* End PBXNativeTarget section */

/* Begin PBXProject section */
		15574ED920F25AE000BC1089 /* Project object */ = {
			isa = PBXProject;
			attributes = {
				LastSwiftUpdateCheck = 0920;
				LastUpgradeCheck = 0920;
				ORGANIZATIONNAME = "mathieu lecoupeur";
				TargetAttributes = {
					15574EE020F25AE000BC1089 = {
						CreatedOnToolsVersion = 9.2;
						ProvisioningStyle = Automatic;
					};
					15574EF420F25AE000BC1089 = {
						CreatedOnToolsVersion = 9.2;
						ProvisioningStyle = Automatic;
						TestTargetID = 15574EE020F25AE000BC1089;
					};
				};
			};
			buildConfigurationList = 15574EDC20F25AE000BC1089 /* Build configuration list for PBXProject "EasyListExample" */;
			compatibilityVersion = "Xcode 8.0";
			developmentRegion = en;
			hasScannedForEncodings = 0;
			knownRegions = (
				en,
				Base,
			);
			mainGroup = 15574ED820F25AE000BC1089;
			productRefGroup = 15574EE220F25AE000BC1089 /* Products */;
			projectDirPath = "";
			projectRoot = "";
			targets = (
				15574EE020F25AE000BC1089 /* EasyListExample */,
				15574EF420F25AE000BC1089 /* EasyListExampleTests */,
			);
		};
/* End PBXProject section */

/* Begin PBXResourcesBuildPhase section */
		15574EDF20F25AE000BC1089 /* Resources */ = {
			isa = PBXResourcesBuildPhase;
			buildActionMask = 2147483647;
			files = (
				15574EEF20F25AE000BC1089 /* LaunchScreen.storyboard in Resources */,
				15A9654420FB8AED00C630DF /* CustomHeader.xib in Resources */,
				15574EEC20F25AE000BC1089 /* Assets.xcassets in Resources */,
				154E6311210514470019C0FB /* NativeView.xib in Resources */,
				15574EEA20F25AE000BC1089 /* Main.storyboard in Resources */,
				15A9654820FB903900C630DF /* CustomFooter.xib in Resources */,
			);
			runOnlyForDeploymentPostprocessing = 0;
		};
		15574EF320F25AE000BC1089 /* Resources */ = {
			isa = PBXResourcesBuildPhase;
			buildActionMask = 2147483647;
			files = (
			);
			runOnlyForDeploymentPostprocessing = 0;
		};
/* End PBXResourcesBuildPhase section */

/* Begin PBXSourcesBuildPhase section */
		15574EDD20F25AE000BC1089 /* Sources */ = {
			isa = PBXSourcesBuildPhase;
			buildActionMask = 2147483647;
			files = (
				15574EE720F25AE000BC1089 /* ViewController.swift in Sources */,
				154E630F210513DC0019C0FB /* NativeViewController.swift in Sources */,
				1586EE1D20F686E60034C35D /* StoreNameCellPresenter.swift in Sources */,
				15574EE520F25AE000BC1089 /* AppDelegate.swift in Sources */,
				1586EE2920F692870034C35D /* CustomHeader.swift in Sources */,
				15574F2620F2884B00BC1089 /* SingleLineCell.swift in Sources */,
				15574F2B20F28AD800BC1089 /* Store.swift in Sources */,
				1586EE1F20F686F70034C35D /* StoreOpenedCellPresenter.swift in Sources */,
				15A9654620FB902B00C630DF /* CustomFooter.swift in Sources */,
				154E630C2104A6740019C0FB /* CustomRow.swift in Sources */,
			);
			runOnlyForDeploymentPostprocessing = 0;
		};
		15574EF120F25AE000BC1089 /* Sources */ = {
			isa = PBXSourcesBuildPhase;
			buildActionMask = 2147483647;
			files = (
				15574EFA20F25AE000BC1089 /* EasyListExampleTests.swift in Sources */,
			);
			runOnlyForDeploymentPostprocessing = 0;
		};
/* End PBXSourcesBuildPhase section */

/* Begin PBXTargetDependency section */
		15574EF720F25AE000BC1089 /* PBXTargetDependency */ = {
			isa = PBXTargetDependency;
			target = 15574EE020F25AE000BC1089 /* EasyListExample */;
			targetProxy = 15574EF620F25AE000BC1089 /* PBXContainerItemProxy */;
		};
/* End PBXTargetDependency section */

/* Begin PBXVariantGroup section */
		15574EE820F25AE000BC1089 /* Main.storyboard */ = {
			isa = PBXVariantGroup;
			children = (
				15574EE920F25AE000BC1089 /* Base */,
			);
			name = Main.storyboard;
			sourceTree = "<group>";
		};
		15574EED20F25AE000BC1089 /* LaunchScreen.storyboard */ = {
			isa = PBXVariantGroup;
			children = (
				15574EEE20F25AE000BC1089 /* Base */,
			);
			name = LaunchScreen.storyboard;
			sourceTree = "<group>";
		};
/* End PBXVariantGroup section */

/* Begin XCBuildConfiguration section */
		15574EFC20F25AE000BC1089 /* Debug */ = {
			isa = XCBuildConfiguration;
			buildSettings = {
				ALWAYS_SEARCH_USER_PATHS = NO;
				CLANG_ANALYZER_NONNULL = YES;
				CLANG_ANALYZER_NUMBER_OBJECT_CONVERSION = YES_AGGRESSIVE;
				CLANG_CXX_LANGUAGE_STANDARD = "gnu++14";
				CLANG_CXX_LIBRARY = "libc++";
				CLANG_ENABLE_MODULES = YES;
				CLANG_ENABLE_OBJC_ARC = YES;
				CLANG_WARN_BLOCK_CAPTURE_AUTORELEASING = YES;
				CLANG_WARN_BOOL_CONVERSION = YES;
				CLANG_WARN_COMMA = YES;
				CLANG_WARN_CONSTANT_CONVERSION = YES;
				CLANG_WARN_DIRECT_OBJC_ISA_USAGE = YES_ERROR;
				CLANG_WARN_DOCUMENTATION_COMMENTS = YES;
				CLANG_WARN_EMPTY_BODY = YES;
				CLANG_WARN_ENUM_CONVERSION = YES;
				CLANG_WARN_INFINITE_RECURSION = YES;
				CLANG_WARN_INT_CONVERSION = YES;
				CLANG_WARN_NON_LITERAL_NULL_CONVERSION = YES;
				CLANG_WARN_OBJC_LITERAL_CONVERSION = YES;
				CLANG_WARN_OBJC_ROOT_CLASS = YES_ERROR;
				CLANG_WARN_RANGE_LOOP_ANALYSIS = YES;
				CLANG_WARN_STRICT_PROTOTYPES = YES;
				CLANG_WARN_SUSPICIOUS_MOVE = YES;
				CLANG_WARN_UNGUARDED_AVAILABILITY = YES_AGGRESSIVE;
				CLANG_WARN_UNREACHABLE_CODE = YES;
				CLANG_WARN__DUPLICATE_METHOD_MATCH = YES;
				CODE_SIGN_IDENTITY = "iPhone Developer";
				COPY_PHASE_STRIP = NO;
				DEBUG_INFORMATION_FORMAT = dwarf;
				ENABLE_STRICT_OBJC_MSGSEND = YES;
				ENABLE_TESTABILITY = YES;
				GCC_C_LANGUAGE_STANDARD = gnu11;
				GCC_DYNAMIC_NO_PIC = NO;
				GCC_NO_COMMON_BLOCKS = YES;
				GCC_OPTIMIZATION_LEVEL = 0;
				GCC_PREPROCESSOR_DEFINITIONS = (
					"DEBUG=1",
					"$(inherited)",
				);
				GCC_WARN_64_TO_32_BIT_CONVERSION = YES;
				GCC_WARN_ABOUT_RETURN_TYPE = YES_ERROR;
				GCC_WARN_UNDECLARED_SELECTOR = YES;
				GCC_WARN_UNINITIALIZED_AUTOS = YES_AGGRESSIVE;
				GCC_WARN_UNUSED_FUNCTION = YES;
				GCC_WARN_UNUSED_VARIABLE = YES;
				IPHONEOS_DEPLOYMENT_TARGET = 11.2;
				MTL_ENABLE_DEBUG_INFO = YES;
				ONLY_ACTIVE_ARCH = YES;
				SDKROOT = iphoneos;
				SWIFT_ACTIVE_COMPILATION_CONDITIONS = DEBUG;
				SWIFT_OPTIMIZATION_LEVEL = "-Onone";
			};
			name = Debug;
		};
		15574EFD20F25AE000BC1089 /* Release */ = {
			isa = XCBuildConfiguration;
			buildSettings = {
				ALWAYS_SEARCH_USER_PATHS = NO;
				CLANG_ANALYZER_NONNULL = YES;
				CLANG_ANALYZER_NUMBER_OBJECT_CONVERSION = YES_AGGRESSIVE;
				CLANG_CXX_LANGUAGE_STANDARD = "gnu++14";
				CLANG_CXX_LIBRARY = "libc++";
				CLANG_ENABLE_MODULES = YES;
				CLANG_ENABLE_OBJC_ARC = YES;
				CLANG_WARN_BLOCK_CAPTURE_AUTORELEASING = YES;
				CLANG_WARN_BOOL_CONVERSION = YES;
				CLANG_WARN_COMMA = YES;
				CLANG_WARN_CONSTANT_CONVERSION = YES;
				CLANG_WARN_DIRECT_OBJC_ISA_USAGE = YES_ERROR;
				CLANG_WARN_DOCUMENTATION_COMMENTS = YES;
				CLANG_WARN_EMPTY_BODY = YES;
				CLANG_WARN_ENUM_CONVERSION = YES;
				CLANG_WARN_INFINITE_RECURSION = YES;
				CLANG_WARN_INT_CONVERSION = YES;
				CLANG_WARN_NON_LITERAL_NULL_CONVERSION = YES;
				CLANG_WARN_OBJC_LITERAL_CONVERSION = YES;
				CLANG_WARN_OBJC_ROOT_CLASS = YES_ERROR;
				CLANG_WARN_RANGE_LOOP_ANALYSIS = YES;
				CLANG_WARN_STRICT_PROTOTYPES = YES;
				CLANG_WARN_SUSPICIOUS_MOVE = YES;
				CLANG_WARN_UNGUARDED_AVAILABILITY = YES_AGGRESSIVE;
				CLANG_WARN_UNREACHABLE_CODE = YES;
				CLANG_WARN__DUPLICATE_METHOD_MATCH = YES;
				CODE_SIGN_IDENTITY = "iPhone Developer";
				COPY_PHASE_STRIP = NO;
				DEBUG_INFORMATION_FORMAT = "dwarf-with-dsym";
				ENABLE_NS_ASSERTIONS = NO;
				ENABLE_STRICT_OBJC_MSGSEND = YES;
				GCC_C_LANGUAGE_STANDARD = gnu11;
				GCC_NO_COMMON_BLOCKS = YES;
				GCC_WARN_64_TO_32_BIT_CONVERSION = YES;
				GCC_WARN_ABOUT_RETURN_TYPE = YES_ERROR;
				GCC_WARN_UNDECLARED_SELECTOR = YES;
				GCC_WARN_UNINITIALIZED_AUTOS = YES_AGGRESSIVE;
				GCC_WARN_UNUSED_FUNCTION = YES;
				GCC_WARN_UNUSED_VARIABLE = YES;
				IPHONEOS_DEPLOYMENT_TARGET = 11.2;
				MTL_ENABLE_DEBUG_INFO = NO;
				SDKROOT = iphoneos;
				SWIFT_OPTIMIZATION_LEVEL = "-Owholemodule";
				VALIDATE_PRODUCT = YES;
			};
			name = Release;
		};
		15574EFF20F25AE000BC1089 /* Debug */ = {
			isa = XCBuildConfiguration;
			buildSettings = {
				ASSETCATALOG_COMPILER_APPICON_NAME = AppIcon;
				CODE_SIGN_STYLE = Automatic;
				DEVELOPMENT_TEAM = 24MKJ932T6;
				INFOPLIST_FILE = EasyListExample/Info.plist;
				LD_RUNPATH_SEARCH_PATHS = "$(inherited) @executable_path/Frameworks";
				PRODUCT_BUNDLE_IDENTIFIER = fr.whitemonkeys.EasyListExample;
				PRODUCT_NAME = "$(TARGET_NAME)";
				SWIFT_VERSION = 4.0;
				TARGETED_DEVICE_FAMILY = "1,2";
			};
			name = Debug;
		};
		15574F0020F25AE000BC1089 /* Release */ = {
			isa = XCBuildConfiguration;
			buildSettings = {
				ASSETCATALOG_COMPILER_APPICON_NAME = AppIcon;
				CODE_SIGN_STYLE = Automatic;
				DEVELOPMENT_TEAM = 24MKJ932T6;
				INFOPLIST_FILE = EasyListExample/Info.plist;
				LD_RUNPATH_SEARCH_PATHS = "$(inherited) @executable_path/Frameworks";
				PRODUCT_BUNDLE_IDENTIFIER = fr.whitemonkeys.EasyListExample;
				PRODUCT_NAME = "$(TARGET_NAME)";
				SWIFT_VERSION = 4.0;
				TARGETED_DEVICE_FAMILY = "1,2";
			};
			name = Release;
		};
		15574F0220F25AE000BC1089 /* Debug */ = {
			isa = XCBuildConfiguration;
			buildSettings = {
				ALWAYS_EMBED_SWIFT_STANDARD_LIBRARIES = YES;
				BUNDLE_LOADER = "$(TEST_HOST)";
				CODE_SIGN_STYLE = Automatic;
				DEVELOPMENT_TEAM = 24MKJ932T6;
				INFOPLIST_FILE = EasyListExampleTests/Info.plist;
				LD_RUNPATH_SEARCH_PATHS = "$(inherited) @executable_path/Frameworks @loader_path/Frameworks";
				PRODUCT_BUNDLE_IDENTIFIER = fr.whitemonkeys.EasyListExampleTests;
				PRODUCT_NAME = "$(TARGET_NAME)";
				SWIFT_VERSION = 4.0;
				TARGETED_DEVICE_FAMILY = "1,2";
				TEST_HOST = "$(BUILT_PRODUCTS_DIR)/EasyListExample.app/EasyListExample";
			};
			name = Debug;
		};
		15574F0320F25AE000BC1089 /* Release */ = {
			isa = XCBuildConfiguration;
			buildSettings = {
				ALWAYS_EMBED_SWIFT_STANDARD_LIBRARIES = YES;
				BUNDLE_LOADER = "$(TEST_HOST)";
				CODE_SIGN_STYLE = Automatic;
				DEVELOPMENT_TEAM = 24MKJ932T6;
				INFOPLIST_FILE = EasyListExampleTests/Info.plist;
				LD_RUNPATH_SEARCH_PATHS = "$(inherited) @executable_path/Frameworks @loader_path/Frameworks";
				PRODUCT_BUNDLE_IDENTIFIER = fr.whitemonkeys.EasyListExampleTests;
				PRODUCT_NAME = "$(TARGET_NAME)";
				SWIFT_VERSION = 4.0;
				TARGETED_DEVICE_FAMILY = "1,2";
				TEST_HOST = "$(BUILT_PRODUCTS_DIR)/EasyListExample.app/EasyListExample";
			};
			name = Release;
		};
/* End XCBuildConfiguration section */

/* Begin XCConfigurationList section */
		15574EDC20F25AE000BC1089 /* Build configuration list for PBXProject "EasyListExample" */ = {
			isa = XCConfigurationList;
			buildConfigurations = (
				15574EFC20F25AE000BC1089 /* Debug */,
				15574EFD20F25AE000BC1089 /* Release */,
			);
			defaultConfigurationIsVisible = 0;
			defaultConfigurationName = Release;
		};
		15574EFE20F25AE000BC1089 /* Build configuration list for PBXNativeTarget "EasyListExample" */ = {
			isa = XCConfigurationList;
			buildConfigurations = (
				15574EFF20F25AE000BC1089 /* Debug */,
				15574F0020F25AE000BC1089 /* Release */,
			);
			defaultConfigurationIsVisible = 0;
			defaultConfigurationName = Release;
		};
		15574F0120F25AE000BC1089 /* Build configuration list for PBXNativeTarget "EasyListExampleTests" */ = {
			isa = XCConfigurationList;
			buildConfigurations = (
				15574F0220F25AE000BC1089 /* Debug */,
				15574F0320F25AE000BC1089 /* Release */,
			);
			defaultConfigurationIsVisible = 0;
			defaultConfigurationName = Release;
		};
/* End XCConfigurationList section */
	};
	rootObject = 15574ED920F25AE000BC1089 /* Project object */;
}
